
Microsoft Visual Studio Solution File, Format Version 12.00
# Visual Studio Version 17
VisualStudioVersion = 17.1.32210.238
MinimumVisualStudioVersion = 10.0.40219.1
Project("{9A19103F-16F7-4668-BE54-9A1E7A4F7556}") = "Lewee.Domain", "src\Lewee.Domain\Lewee.Domain.csproj", "{E6548439-D04C-46BA-938A-CB96427C488A}"
EndProject
Project("{2150E333-8FDC-42A3-9474-1A3956D46DE8}") = "Solution Items", "Solution Items", "{7E790C5A-DAB6-407B-AC20-752D08869BEC}"
	ProjectSection(SolutionItems) = preProject
		.editorconfig = .editorconfig
		.gitignore = .gitignore
		.github\workflows\build-and-test.yml = .github\workflows\build-and-test.yml
		.github\copilot-instructions.md = .github\copilot-instructions.md
		coverage.runsettings = coverage.runsettings
		coverage.xml = coverage.xml
		Directory.Build.props = Directory.Build.props
		Directory.Packages.props = Directory.Packages.props
		README.md = README.md
		spelling-exclusion.txt = spelling-exclusion.txt
		test-coverage.ps1 = test-coverage.ps1
	EndProjectSection
EndProject
Project("{9A19103F-16F7-4668-BE54-9A1E7A4F7556}") = "Lewee.Application", "src\Lewee.Application\Lewee.Application.csproj", "{CA68F196-F166-4A8F-A22E-3D74DD811DF5}"
EndProject
Project("{9A19103F-16F7-4668-BE54-9A1E7A4F7556}") = "Lewee.Domain.Tests.Unit", "tests\Lewee.Domain.Tests.Unit\Lewee.Domain.Tests.Unit.csproj", "{3841F56D-1E2E-4185-B177-0510CB3D2673}"
EndProject
Project("{9A19103F-16F7-4668-BE54-9A1E7A4F7556}") = "Lewee.Shared", "src\Lewee.Shared\Lewee.Shared.csproj", "{F0760CA0-4EE6-4B8A-AD2B-C4C6AC9073FD}"
EndProject
Project("{9A19103F-16F7-4668-BE54-9A1E7A4F7556}") = "Lewee.Shared.Tests.Unit", "tests\Lewee.Shared.Tests.Unit\Lewee.Shared.Tests.Unit.csproj", "{1C2125F2-ECF1-4397-AFFD-78C2DD2DB890}"
EndProject
Project("{9A19103F-16F7-4668-BE54-9A1E7A4F7556}") = "Lewee.Infrastructure.AspNet", "src\Lewee.Infrastructure.AspNet\Lewee.Infrastructure.AspNet.csproj", "{F4BF1C42-9A44-4912-B89A-CD37EA9B50BF}"
EndProject
Project("{9A19103F-16F7-4668-BE54-9A1E7A4F7556}") = "Lewee.Infrastructure.AspNet.WebApi", "src\Lewee.Infrastructure.AspNet.WebApi\Lewee.Infrastructure.AspNet.WebApi.csproj", "{8F8633FD-1887-43F9-82F5-BDB2DAA96130}"
EndProject
Project("{9A19103F-16F7-4668-BE54-9A1E7A4F7556}") = "Lewee.Infrastructure.Data", "src\Lewee.Infrastructure.Data\Lewee.Infrastructure.Data.csproj", "{17B724E1-E933-456D-9E10-6C379FD0642E}"
EndProject
Project("{9A19103F-16F7-4668-BE54-9A1E7A4F7556}") = "Lewee.Blazor", "src\Lewee.Blazor\Lewee.Blazor.csproj", "{4507AB85-C9F4-4F1B-ADA1-C70DEC2A14A1}"
EndProject
Project("{9A19103F-16F7-4668-BE54-9A1E7A4F7556}") = "Lewee.Contracts", "src\Lewee.Contracts\Lewee.Contracts.csproj", "{11FA49CE-74B9-4EBA-B5B6-8A4DD2D4298D}"
EndProject
Project("{FAE04EC0-301F-11D3-BF4B-00C04F79EFBC}") = "Pizzeria.ServiceDefaults", "sample\Pizzeria.ServiceDefaults\Pizzeria.ServiceDefaults.csproj", "{FB1F78A3-4F1F-3687-6A76-FDA5B1AB95FE}"
EndProject
Project("{FAE04EC0-301F-11D3-BF4B-00C04F79EFBC}") = "Pizzeria.Common", "sample\Pizzeria.Common\Pizzeria.Common.csproj", "{409A6695-DD8E-0169-85F3-F51EBABCF7A5}"
EndProject
Project("{FAE04EC0-301F-11D3-BF4B-00C04F79EFBC}") = "Pizzeria.Store.Contracts", "sample\Pizzeria.Store.Contracts\Pizzeria.Store.Contracts.csproj", "{372131DD-BB63-4DB6-0CA2-4D5CE1702C76}"
EndProject
Project("{FAE04EC0-301F-11D3-BF4B-00C04F79EFBC}") = "Pizzeria.Store.Domain", "sample\Pizzeria.Store.Domain\Pizzeria.Store.Domain.csproj", "{F2A6E30F-4468-1BB5-6561-8B0BA0F20BE8}"
EndProject
Project("{FAE04EC0-301F-11D3-BF4B-00C04F79EFBC}") = "Pizzeria.Store.Data", "sample\Pizzeria.Store.Data\Pizzeria.Store.Data.csproj", "{8E60C9E8-74F0-487D-E528-F1D17EB609C3}"
EndProject
Project("{FAE04EC0-301F-11D3-BF4B-00C04F79EFBC}") = "Pizzeria.Store.Application", "sample\Pizzeria.Store.Application\Pizzeria.Store.Application.csproj", "{CCA6D12D-2503-68C4-085D-4AF7E34C5765}"
EndProject
Project("{FAE04EC0-301F-11D3-BF4B-00C04F79EFBC}") = "Pizzeria.Store.Api", "sample\Pizzeria.Store.Api\Pizzeria.Store.Api.csproj", "{F3BE4D52-D03E-7A63-516A-7670068E56F0}"
EndProject
Project("{FAE04EC0-301F-11D3-BF4B-00C04F79EFBC}") = "Pizzeria.AppHost", "sample\Pizzeria.AppHost\Pizzeria.AppHost.csproj", "{D17D32EA-C81C-03F2-1652-9354BF22A95E}"
EndProject
Project("{FAE04EC0-301F-11D3-BF4B-00C04F79EFBC}") = "Lewee.Infrastructure.PostgreSQL", "src\Lewee.Infrastructure.PostgreSQL\Lewee.Infrastructure.PostgreSQL.csproj", "{B3A3970D-38BD-4894-B4FD-F3399D8C80AD}"
EndProject
Project("{FAE04EC0-301F-11D3-BF4B-00C04F79EFBC}") = "Pizzeria.Tests.Integration", "sample-tests\Pizzeria.Tests.Integration\Pizzeria.Tests.Integration.csproj", "{99BE37A1-495F-47F9-9BF1-06118EE44810}"
EndProject
Project("{FAE04EC0-301F-11D3-BF4B-00C04F79EFBC}") = "Pizzeria.Store.Domain.Tests", "sample-tests\Pizzeria.Store.Domain.Tests\Pizzeria.Store.Domain.Tests.csproj", "{5F5FDE11-B167-0ACB-3A75-A80A7CF9BA55}"
EndProject
Project("{FAE04EC0-301F-11D3-BF4B-00C04F79EFBC}") = "Lewee.Application.Tests.Unit", "tests\Lewee.Application.Tests.Unit\Lewee.Application.Tests.Unit.csproj", "{652453D5-7AF1-400F-9A20-B487B8E46957}"
EndProject
Project("{FAE04EC0-301F-11D3-BF4B-00C04F79EFBC}") = "Lewee.Tests.Common", "tests\Lewee.Tests.Common\Lewee.Tests.Common.csproj", "{96031690-C4D3-7143-DEC8-46C447026E2C}"
EndProject
Project("{FAE04EC0-301F-11D3-BF4B-00C04F79EFBC}") = "Pizzeria.Store.WebClient", "sample\Pizzeria.Store.WebClient\Pizzeria.Store.WebClient.csproj", "{4A6DA9D4-0558-4B77-9A05-DB7EA79CC416}"
EndProject
Project("{FAE04EC0-301F-11D3-BF4B-00C04F79EFBC}") = "Pizzeria.Store.WebClient.Tests.Unit", "sample-tests\Pizzeria.Store.WebClient.Tests.Unit\Pizzeria.Store.WebClient.Tests.Unit.csproj", "{B676172D-7CDA-4F10-8B40-CA3D260A29D9}"
EndProject
Project("{FAE04EC0-301F-11D3-BF4B-00C04F79EFBC}") = "Lewee.Blazor.Tests.Integration", "tests\Lewee.Blazor.Tests.Integration\Lewee.Blazor.Tests.Integration.csproj", "{23733994-2B8B-40B6-8BB3-062E777CA4A0}"
EndProject
Project("{FAE04EC0-301F-11D3-BF4B-00C04F79EFBC}") = "Pizzeria.Store.Application.Tests.Unit", "sample-tests\Pizzeria.Store.Application.Tests.Unit\Pizzeria.Store.Application.Tests.Unit.csproj", "{F1CB65AD-EDDB-4576-93D6-08D443CEA466}"
EndProject
Project("{FAE04EC0-301F-11D3-BF4B-00C04F79EFBC}") = "Lewee.Infrastructure.Data.Tests.Unit", "tests\Lewee.Infrastructure.Data.Tests.Unit\Lewee.Infrastructure.Data.Tests.Unit.csproj", "{4907C7CA-2AA3-4E86-BCD7-09BB7AAA4A08}"
EndProject
Project("{FAE04EC0-301F-11D3-BF4B-00C04F79EFBC}") = "Pizzeria.Auth", "sample\Pizzeria.Auth\Pizzeria.Auth.csproj", "{42D27FC7-14AE-4701-B6B0-A78EBA25FE1C}"
EndProject
Project("{FAE04EC0-301F-11D3-BF4B-00C04F79EFBC}") = "Lewee.Infrastructure.Data.Tests.Integration", "tests\Lewee.Infrastructure.Data.Tests.Integration\Lewee.Infrastructure.Data.Tests.Integration.csproj", "{2932B33E-67B5-4310-9F9B-94BB5F4EB82C}"
EndProject
Project("{FAE04EC0-301F-11D3-BF4B-00C04F79EFBC}") = "Lewee.Infrastructure.Data.IntegrationAppHost", "tests\Lewee.Infrastructure.Data.IntegrationAppHost\Lewee.Infrastructure.Data.IntegrationAppHost.csproj", "{63FDBB5A-74C2-4D1A-8326-EF980E47CC3F}"
EndProject
Global
	GlobalSection(SolutionConfigurationPlatforms) = preSolution
		Debug|Any CPU = Debug|Any CPU
		Debug|x64 = Debug|x64
		Debug|x86 = Debug|x86
		Release|Any CPU = Release|Any CPU
		Release|x64 = Release|x64
		Release|x86 = Release|x86
	EndGlobalSection
	GlobalSection(ProjectConfigurationPlatforms) = postSolution
		{E6548439-D04C-46BA-938A-CB96427C488A}.Debug|Any CPU.ActiveCfg = Debug|Any CPU
		{E6548439-D04C-46BA-938A-CB96427C488A}.Debug|Any CPU.Build.0 = Debug|Any CPU
		{E6548439-D04C-46BA-938A-CB96427C488A}.Debug|x64.ActiveCfg = Debug|Any CPU
		{E6548439-D04C-46BA-938A-CB96427C488A}.Debug|x64.Build.0 = Debug|Any CPU
		{E6548439-D04C-46BA-938A-CB96427C488A}.Debug|x86.ActiveCfg = Debug|Any CPU
		{E6548439-D04C-46BA-938A-CB96427C488A}.Debug|x86.Build.0 = Debug|Any CPU
		{E6548439-D04C-46BA-938A-CB96427C488A}.Release|Any CPU.ActiveCfg = Release|Any CPU
		{E6548439-D04C-46BA-938A-CB96427C488A}.Release|Any CPU.Build.0 = Release|Any CPU
		{E6548439-D04C-46BA-938A-CB96427C488A}.Release|x64.ActiveCfg = Release|Any CPU
		{E6548439-D04C-46BA-938A-CB96427C488A}.Release|x64.Build.0 = Release|Any CPU
		{E6548439-D04C-46BA-938A-CB96427C488A}.Release|x86.ActiveCfg = Release|Any CPU
		{E6548439-D04C-46BA-938A-CB96427C488A}.Release|x86.Build.0 = Release|Any CPU
		{CA68F196-F166-4A8F-A22E-3D74DD811DF5}.Debug|Any CPU.ActiveCfg = Debug|Any CPU
		{CA68F196-F166-4A8F-A22E-3D74DD811DF5}.Debug|Any CPU.Build.0 = Debug|Any CPU
		{CA68F196-F166-4A8F-A22E-3D74DD811DF5}.Debug|x64.ActiveCfg = Debug|Any CPU
		{CA68F196-F166-4A8F-A22E-3D74DD811DF5}.Debug|x64.Build.0 = Debug|Any CPU
		{CA68F196-F166-4A8F-A22E-3D74DD811DF5}.Debug|x86.ActiveCfg = Debug|Any CPU
		{CA68F196-F166-4A8F-A22E-3D74DD811DF5}.Debug|x86.Build.0 = Debug|Any CPU
		{CA68F196-F166-4A8F-A22E-3D74DD811DF5}.Release|Any CPU.ActiveCfg = Release|Any CPU
		{CA68F196-F166-4A8F-A22E-3D74DD811DF5}.Release|Any CPU.Build.0 = Release|Any CPU
		{CA68F196-F166-4A8F-A22E-3D74DD811DF5}.Release|x64.ActiveCfg = Release|Any CPU
		{CA68F196-F166-4A8F-A22E-3D74DD811DF5}.Release|x64.Build.0 = Release|Any CPU
		{CA68F196-F166-4A8F-A22E-3D74DD811DF5}.Release|x86.ActiveCfg = Release|Any CPU
		{CA68F196-F166-4A8F-A22E-3D74DD811DF5}.Release|x86.Build.0 = Release|Any CPU
		{3841F56D-1E2E-4185-B177-0510CB3D2673}.Debug|Any CPU.ActiveCfg = Debug|Any CPU
		{3841F56D-1E2E-4185-B177-0510CB3D2673}.Debug|Any CPU.Build.0 = Debug|Any CPU
		{3841F56D-1E2E-4185-B177-0510CB3D2673}.Debug|x64.ActiveCfg = Debug|Any CPU
		{3841F56D-1E2E-4185-B177-0510CB3D2673}.Debug|x64.Build.0 = Debug|Any CPU
		{3841F56D-1E2E-4185-B177-0510CB3D2673}.Debug|x86.ActiveCfg = Debug|Any CPU
		{3841F56D-1E2E-4185-B177-0510CB3D2673}.Debug|x86.Build.0 = Debug|Any CPU
		{3841F56D-1E2E-4185-B177-0510CB3D2673}.Release|Any CPU.ActiveCfg = Release|Any CPU
		{3841F56D-1E2E-4185-B177-0510CB3D2673}.Release|Any CPU.Build.0 = Release|Any CPU
		{3841F56D-1E2E-4185-B177-0510CB3D2673}.Release|x64.ActiveCfg = Release|Any CPU
		{3841F56D-1E2E-4185-B177-0510CB3D2673}.Release|x64.Build.0 = Release|Any CPU
		{3841F56D-1E2E-4185-B177-0510CB3D2673}.Release|x86.ActiveCfg = Release|Any CPU
		{3841F56D-1E2E-4185-B177-0510CB3D2673}.Release|x86.Build.0 = Release|Any CPU
		{F0760CA0-4EE6-4B8A-AD2B-C4C6AC9073FD}.Debug|Any CPU.ActiveCfg = Debug|Any CPU
		{F0760CA0-4EE6-4B8A-AD2B-C4C6AC9073FD}.Debug|Any CPU.Build.0 = Debug|Any CPU
		{F0760CA0-4EE6-4B8A-AD2B-C4C6AC9073FD}.Debug|x64.ActiveCfg = Debug|Any CPU
		{F0760CA0-4EE6-4B8A-AD2B-C4C6AC9073FD}.Debug|x64.Build.0 = Debug|Any CPU
		{F0760CA0-4EE6-4B8A-AD2B-C4C6AC9073FD}.Debug|x86.ActiveCfg = Debug|Any CPU
		{F0760CA0-4EE6-4B8A-AD2B-C4C6AC9073FD}.Debug|x86.Build.0 = Debug|Any CPU
		{F0760CA0-4EE6-4B8A-AD2B-C4C6AC9073FD}.Release|Any CPU.ActiveCfg = Release|Any CPU
		{F0760CA0-4EE6-4B8A-AD2B-C4C6AC9073FD}.Release|Any CPU.Build.0 = Release|Any CPU
		{F0760CA0-4EE6-4B8A-AD2B-C4C6AC9073FD}.Release|x64.ActiveCfg = Release|Any CPU
		{F0760CA0-4EE6-4B8A-AD2B-C4C6AC9073FD}.Release|x64.Build.0 = Release|Any CPU
		{F0760CA0-4EE6-4B8A-AD2B-C4C6AC9073FD}.Release|x86.ActiveCfg = Release|Any CPU
		{F0760CA0-4EE6-4B8A-AD2B-C4C6AC9073FD}.Release|x86.Build.0 = Release|Any CPU
		{1C2125F2-ECF1-4397-AFFD-78C2DD2DB890}.Debug|Any CPU.ActiveCfg = Debug|Any CPU
		{1C2125F2-ECF1-4397-AFFD-78C2DD2DB890}.Debug|Any CPU.Build.0 = Debug|Any CPU
		{1C2125F2-ECF1-4397-AFFD-78C2DD2DB890}.Debug|x64.ActiveCfg = Debug|Any CPU
		{1C2125F2-ECF1-4397-AFFD-78C2DD2DB890}.Debug|x64.Build.0 = Debug|Any CPU
		{1C2125F2-ECF1-4397-AFFD-78C2DD2DB890}.Debug|x86.ActiveCfg = Debug|Any CPU
		{1C2125F2-ECF1-4397-AFFD-78C2DD2DB890}.Debug|x86.Build.0 = Debug|Any CPU
		{1C2125F2-ECF1-4397-AFFD-78C2DD2DB890}.Release|Any CPU.ActiveCfg = Release|Any CPU
		{1C2125F2-ECF1-4397-AFFD-78C2DD2DB890}.Release|Any CPU.Build.0 = Release|Any CPU
		{1C2125F2-ECF1-4397-AFFD-78C2DD2DB890}.Release|x64.ActiveCfg = Release|Any CPU
		{1C2125F2-ECF1-4397-AFFD-78C2DD2DB890}.Release|x64.Build.0 = Release|Any CPU
		{1C2125F2-ECF1-4397-AFFD-78C2DD2DB890}.Release|x86.ActiveCfg = Release|Any CPU
		{1C2125F2-ECF1-4397-AFFD-78C2DD2DB890}.Release|x86.Build.0 = Release|Any CPU
		{F4BF1C42-9A44-4912-B89A-CD37EA9B50BF}.Debug|Any CPU.ActiveCfg = Debug|Any CPU
		{F4BF1C42-9A44-4912-B89A-CD37EA9B50BF}.Debug|Any CPU.Build.0 = Debug|Any CPU
		{F4BF1C42-9A44-4912-B89A-CD37EA9B50BF}.Debug|x64.ActiveCfg = Debug|Any CPU
		{F4BF1C42-9A44-4912-B89A-CD37EA9B50BF}.Debug|x64.Build.0 = Debug|Any CPU
		{F4BF1C42-9A44-4912-B89A-CD37EA9B50BF}.Debug|x86.ActiveCfg = Debug|Any CPU
		{F4BF1C42-9A44-4912-B89A-CD37EA9B50BF}.Debug|x86.Build.0 = Debug|Any CPU
		{F4BF1C42-9A44-4912-B89A-CD37EA9B50BF}.Release|Any CPU.ActiveCfg = Release|Any CPU
		{F4BF1C42-9A44-4912-B89A-CD37EA9B50BF}.Release|Any CPU.Build.0 = Release|Any CPU
		{F4BF1C42-9A44-4912-B89A-CD37EA9B50BF}.Release|x64.ActiveCfg = Release|Any CPU
		{F4BF1C42-9A44-4912-B89A-CD37EA9B50BF}.Release|x64.Build.0 = Release|Any CPU
		{F4BF1C42-9A44-4912-B89A-CD37EA9B50BF}.Release|x86.ActiveCfg = Release|Any CPU
		{F4BF1C42-9A44-4912-B89A-CD37EA9B50BF}.Release|x86.Build.0 = Release|Any CPU
		{8F8633FD-1887-43F9-82F5-BDB2DAA96130}.Debug|Any CPU.ActiveCfg = Debug|Any CPU
		{8F8633FD-1887-43F9-82F5-BDB2DAA96130}.Debug|Any CPU.Build.0 = Debug|Any CPU
		{8F8633FD-1887-43F9-82F5-BDB2DAA96130}.Debug|x64.ActiveCfg = Debug|Any CPU
		{8F8633FD-1887-43F9-82F5-BDB2DAA96130}.Debug|x64.Build.0 = Debug|Any CPU
		{8F8633FD-1887-43F9-82F5-BDB2DAA96130}.Debug|x86.ActiveCfg = Debug|Any CPU
		{8F8633FD-1887-43F9-82F5-BDB2DAA96130}.Debug|x86.Build.0 = Debug|Any CPU
		{8F8633FD-1887-43F9-82F5-BDB2DAA96130}.Release|Any CPU.ActiveCfg = Release|Any CPU
		{8F8633FD-1887-43F9-82F5-BDB2DAA96130}.Release|Any CPU.Build.0 = Release|Any CPU
		{8F8633FD-1887-43F9-82F5-BDB2DAA96130}.Release|x64.ActiveCfg = Release|Any CPU
		{8F8633FD-1887-43F9-82F5-BDB2DAA96130}.Release|x64.Build.0 = Release|Any CPU
		{8F8633FD-1887-43F9-82F5-BDB2DAA96130}.Release|x86.ActiveCfg = Release|Any CPU
		{8F8633FD-1887-43F9-82F5-BDB2DAA96130}.Release|x86.Build.0 = Release|Any CPU
		{17B724E1-E933-456D-9E10-6C379FD0642E}.Debug|Any CPU.ActiveCfg = Debug|Any CPU
		{17B724E1-E933-456D-9E10-6C379FD0642E}.Debug|Any CPU.Build.0 = Debug|Any CPU
		{17B724E1-E933-456D-9E10-6C379FD0642E}.Debug|x64.ActiveCfg = Debug|Any CPU
		{17B724E1-E933-456D-9E10-6C379FD0642E}.Debug|x64.Build.0 = Debug|Any CPU
		{17B724E1-E933-456D-9E10-6C379FD0642E}.Debug|x86.ActiveCfg = Debug|Any CPU
		{17B724E1-E933-456D-9E10-6C379FD0642E}.Debug|x86.Build.0 = Debug|Any CPU
		{17B724E1-E933-456D-9E10-6C379FD0642E}.Release|Any CPU.ActiveCfg = Release|Any CPU
		{17B724E1-E933-456D-9E10-6C379FD0642E}.Release|Any CPU.Build.0 = Release|Any CPU
		{17B724E1-E933-456D-9E10-6C379FD0642E}.Release|x64.ActiveCfg = Release|Any CPU
		{17B724E1-E933-456D-9E10-6C379FD0642E}.Release|x64.Build.0 = Release|Any CPU
		{17B724E1-E933-456D-9E10-6C379FD0642E}.Release|x86.ActiveCfg = Release|Any CPU
		{17B724E1-E933-456D-9E10-6C379FD0642E}.Release|x86.Build.0 = Release|Any CPU
		{4507AB85-C9F4-4F1B-ADA1-C70DEC2A14A1}.Debug|Any CPU.ActiveCfg = Debug|Any CPU
		{4507AB85-C9F4-4F1B-ADA1-C70DEC2A14A1}.Debug|Any CPU.Build.0 = Debug|Any CPU
		{4507AB85-C9F4-4F1B-ADA1-C70DEC2A14A1}.Debug|x64.ActiveCfg = Debug|Any CPU
		{4507AB85-C9F4-4F1B-ADA1-C70DEC2A14A1}.Debug|x64.Build.0 = Debug|Any CPU
		{4507AB85-C9F4-4F1B-ADA1-C70DEC2A14A1}.Debug|x86.ActiveCfg = Debug|Any CPU
		{4507AB85-C9F4-4F1B-ADA1-C70DEC2A14A1}.Debug|x86.Build.0 = Debug|Any CPU
		{4507AB85-C9F4-4F1B-ADA1-C70DEC2A14A1}.Release|Any CPU.ActiveCfg = Release|Any CPU
		{4507AB85-C9F4-4F1B-ADA1-C70DEC2A14A1}.Release|Any CPU.Build.0 = Release|Any CPU
		{4507AB85-C9F4-4F1B-ADA1-C70DEC2A14A1}.Release|x64.ActiveCfg = Release|Any CPU
		{4507AB85-C9F4-4F1B-ADA1-C70DEC2A14A1}.Release|x64.Build.0 = Release|Any CPU
		{4507AB85-C9F4-4F1B-ADA1-C70DEC2A14A1}.Release|x86.ActiveCfg = Release|Any CPU
		{4507AB85-C9F4-4F1B-ADA1-C70DEC2A14A1}.Release|x86.Build.0 = Release|Any CPU
		{11FA49CE-74B9-4EBA-B5B6-8A4DD2D4298D}.Debug|Any CPU.ActiveCfg = Debug|Any CPU
		{11FA49CE-74B9-4EBA-B5B6-8A4DD2D4298D}.Debug|Any CPU.Build.0 = Debug|Any CPU
		{11FA49CE-74B9-4EBA-B5B6-8A4DD2D4298D}.Debug|x64.ActiveCfg = Debug|Any CPU
		{11FA49CE-74B9-4EBA-B5B6-8A4DD2D4298D}.Debug|x64.Build.0 = Debug|Any CPU
		{11FA49CE-74B9-4EBA-B5B6-8A4DD2D4298D}.Debug|x86.ActiveCfg = Debug|Any CPU
		{11FA49CE-74B9-4EBA-B5B6-8A4DD2D4298D}.Debug|x86.Build.0 = Debug|Any CPU
		{11FA49CE-74B9-4EBA-B5B6-8A4DD2D4298D}.Release|Any CPU.ActiveCfg = Release|Any CPU
		{11FA49CE-74B9-4EBA-B5B6-8A4DD2D4298D}.Release|Any CPU.Build.0 = Release|Any CPU
		{11FA49CE-74B9-4EBA-B5B6-8A4DD2D4298D}.Release|x64.ActiveCfg = Release|Any CPU
		{11FA49CE-74B9-4EBA-B5B6-8A4DD2D4298D}.Release|x64.Build.0 = Release|Any CPU
		{11FA49CE-74B9-4EBA-B5B6-8A4DD2D4298D}.Release|x86.ActiveCfg = Release|Any CPU
		{11FA49CE-74B9-4EBA-B5B6-8A4DD2D4298D}.Release|x86.Build.0 = Release|Any CPU
		{FB1F78A3-4F1F-3687-6A76-FDA5B1AB95FE}.Debug|Any CPU.ActiveCfg = Debug|Any CPU
		{FB1F78A3-4F1F-3687-6A76-FDA5B1AB95FE}.Debug|Any CPU.Build.0 = Debug|Any CPU
		{FB1F78A3-4F1F-3687-6A76-FDA5B1AB95FE}.Debug|x64.ActiveCfg = Debug|Any CPU
		{FB1F78A3-4F1F-3687-6A76-FDA5B1AB95FE}.Debug|x64.Build.0 = Debug|Any CPU
		{FB1F78A3-4F1F-3687-6A76-FDA5B1AB95FE}.Debug|x86.ActiveCfg = Debug|Any CPU
		{FB1F78A3-4F1F-3687-6A76-FDA5B1AB95FE}.Debug|x86.Build.0 = Debug|Any CPU
		{FB1F78A3-4F1F-3687-6A76-FDA5B1AB95FE}.Release|Any CPU.ActiveCfg = Release|Any CPU
		{FB1F78A3-4F1F-3687-6A76-FDA5B1AB95FE}.Release|Any CPU.Build.0 = Release|Any CPU
		{FB1F78A3-4F1F-3687-6A76-FDA5B1AB95FE}.Release|x64.ActiveCfg = Release|Any CPU
		{FB1F78A3-4F1F-3687-6A76-FDA5B1AB95FE}.Release|x64.Build.0 = Release|Any CPU
		{FB1F78A3-4F1F-3687-6A76-FDA5B1AB95FE}.Release|x86.ActiveCfg = Release|Any CPU
		{FB1F78A3-4F1F-3687-6A76-FDA5B1AB95FE}.Release|x86.Build.0 = Release|Any CPU
		{409A6695-DD8E-0169-85F3-F51EBABCF7A5}.Debug|Any CPU.ActiveCfg = Debug|Any CPU
		{409A6695-DD8E-0169-85F3-F51EBABCF7A5}.Debug|Any CPU.Build.0 = Debug|Any CPU
		{409A6695-DD8E-0169-85F3-F51EBABCF7A5}.Debug|x64.ActiveCfg = Debug|Any CPU
		{409A6695-DD8E-0169-85F3-F51EBABCF7A5}.Debug|x64.Build.0 = Debug|Any CPU
		{409A6695-DD8E-0169-85F3-F51EBABCF7A5}.Debug|x86.ActiveCfg = Debug|Any CPU
		{409A6695-DD8E-0169-85F3-F51EBABCF7A5}.Debug|x86.Build.0 = Debug|Any CPU
		{409A6695-DD8E-0169-85F3-F51EBABCF7A5}.Release|Any CPU.ActiveCfg = Release|Any CPU
		{409A6695-DD8E-0169-85F3-F51EBABCF7A5}.Release|Any CPU.Build.0 = Release|Any CPU
		{409A6695-DD8E-0169-85F3-F51EBABCF7A5}.Release|x64.ActiveCfg = Release|Any CPU
		{409A6695-DD8E-0169-85F3-F51EBABCF7A5}.Release|x64.Build.0 = Release|Any CPU
		{409A6695-DD8E-0169-85F3-F51EBABCF7A5}.Release|x86.ActiveCfg = Release|Any CPU
		{409A6695-DD8E-0169-85F3-F51EBABCF7A5}.Release|x86.Build.0 = Release|Any CPU
		{372131DD-BB63-4DB6-0CA2-4D5CE1702C76}.Debug|Any CPU.ActiveCfg = Debug|Any CPU
		{372131DD-BB63-4DB6-0CA2-4D5CE1702C76}.Debug|Any CPU.Build.0 = Debug|Any CPU
		{372131DD-BB63-4DB6-0CA2-4D5CE1702C76}.Debug|x64.ActiveCfg = Debug|Any CPU
		{372131DD-BB63-4DB6-0CA2-4D5CE1702C76}.Debug|x64.Build.0 = Debug|Any CPU
		{372131DD-BB63-4DB6-0CA2-4D5CE1702C76}.Debug|x86.ActiveCfg = Debug|Any CPU
		{372131DD-BB63-4DB6-0CA2-4D5CE1702C76}.Debug|x86.Build.0 = Debug|Any CPU
		{372131DD-BB63-4DB6-0CA2-4D5CE1702C76}.Release|Any CPU.ActiveCfg = Release|Any CPU
		{372131DD-BB63-4DB6-0CA2-4D5CE1702C76}.Release|Any CPU.Build.0 = Release|Any CPU
		{372131DD-BB63-4DB6-0CA2-4D5CE1702C76}.Release|x64.ActiveCfg = Release|Any CPU
		{372131DD-BB63-4DB6-0CA2-4D5CE1702C76}.Release|x64.Build.0 = Release|Any CPU
		{372131DD-BB63-4DB6-0CA2-4D5CE1702C76}.Release|x86.ActiveCfg = Release|Any CPU
		{372131DD-BB63-4DB6-0CA2-4D5CE1702C76}.Release|x86.Build.0 = Release|Any CPU
		{F2A6E30F-4468-1BB5-6561-8B0BA0F20BE8}.Debug|Any CPU.ActiveCfg = Debug|Any CPU
		{F2A6E30F-4468-1BB5-6561-8B0BA0F20BE8}.Debug|Any CPU.Build.0 = Debug|Any CPU
		{F2A6E30F-4468-1BB5-6561-8B0BA0F20BE8}.Debug|x64.ActiveCfg = Debug|Any CPU
		{F2A6E30F-4468-1BB5-6561-8B0BA0F20BE8}.Debug|x64.Build.0 = Debug|Any CPU
		{F2A6E30F-4468-1BB5-6561-8B0BA0F20BE8}.Debug|x86.ActiveCfg = Debug|Any CPU
		{F2A6E30F-4468-1BB5-6561-8B0BA0F20BE8}.Debug|x86.Build.0 = Debug|Any CPU
		{F2A6E30F-4468-1BB5-6561-8B0BA0F20BE8}.Release|Any CPU.ActiveCfg = Release|Any CPU
		{F2A6E30F-4468-1BB5-6561-8B0BA0F20BE8}.Release|Any CPU.Build.0 = Release|Any CPU
		{F2A6E30F-4468-1BB5-6561-8B0BA0F20BE8}.Release|x64.ActiveCfg = Release|Any CPU
		{F2A6E30F-4468-1BB5-6561-8B0BA0F20BE8}.Release|x64.Build.0 = Release|Any CPU
		{F2A6E30F-4468-1BB5-6561-8B0BA0F20BE8}.Release|x86.ActiveCfg = Release|Any CPU
		{F2A6E30F-4468-1BB5-6561-8B0BA0F20BE8}.Release|x86.Build.0 = Release|Any CPU
		{8E60C9E8-74F0-487D-E528-F1D17EB609C3}.Debug|Any CPU.ActiveCfg = Debug|Any CPU
		{8E60C9E8-74F0-487D-E528-F1D17EB609C3}.Debug|Any CPU.Build.0 = Debug|Any CPU
		{8E60C9E8-74F0-487D-E528-F1D17EB609C3}.Debug|x64.ActiveCfg = Debug|Any CPU
		{8E60C9E8-74F0-487D-E528-F1D17EB609C3}.Debug|x64.Build.0 = Debug|Any CPU
		{8E60C9E8-74F0-487D-E528-F1D17EB609C3}.Debug|x86.ActiveCfg = Debug|Any CPU
		{8E60C9E8-74F0-487D-E528-F1D17EB609C3}.Debug|x86.Build.0 = Debug|Any CPU
		{8E60C9E8-74F0-487D-E528-F1D17EB609C3}.Release|Any CPU.ActiveCfg = Release|Any CPU
		{8E60C9E8-74F0-487D-E528-F1D17EB609C3}.Release|Any CPU.Build.0 = Release|Any CPU
		{8E60C9E8-74F0-487D-E528-F1D17EB609C3}.Release|x64.ActiveCfg = Release|Any CPU
		{8E60C9E8-74F0-487D-E528-F1D17EB609C3}.Release|x64.Build.0 = Release|Any CPU
		{8E60C9E8-74F0-487D-E528-F1D17EB609C3}.Release|x86.ActiveCfg = Release|Any CPU
		{8E60C9E8-74F0-487D-E528-F1D17EB609C3}.Release|x86.Build.0 = Release|Any CPU
		{CCA6D12D-2503-68C4-085D-4AF7E34C5765}.Debug|Any CPU.ActiveCfg = Debug|Any CPU
		{CCA6D12D-2503-68C4-085D-4AF7E34C5765}.Debug|Any CPU.Build.0 = Debug|Any CPU
		{CCA6D12D-2503-68C4-085D-4AF7E34C5765}.Debug|x64.ActiveCfg = Debug|Any CPU
		{CCA6D12D-2503-68C4-085D-4AF7E34C5765}.Debug|x64.Build.0 = Debug|Any CPU
		{CCA6D12D-2503-68C4-085D-4AF7E34C5765}.Debug|x86.ActiveCfg = Debug|Any CPU
		{CCA6D12D-2503-68C4-085D-4AF7E34C5765}.Debug|x86.Build.0 = Debug|Any CPU
		{CCA6D12D-2503-68C4-085D-4AF7E34C5765}.Release|Any CPU.ActiveCfg = Release|Any CPU
		{CCA6D12D-2503-68C4-085D-4AF7E34C5765}.Release|Any CPU.Build.0 = Release|Any CPU
		{CCA6D12D-2503-68C4-085D-4AF7E34C5765}.Release|x64.ActiveCfg = Release|Any CPU
		{CCA6D12D-2503-68C4-085D-4AF7E34C5765}.Release|x64.Build.0 = Release|Any CPU
		{CCA6D12D-2503-68C4-085D-4AF7E34C5765}.Release|x86.ActiveCfg = Release|Any CPU
		{CCA6D12D-2503-68C4-085D-4AF7E34C5765}.Release|x86.Build.0 = Release|Any CPU
		{F3BE4D52-D03E-7A63-516A-7670068E56F0}.Debug|Any CPU.ActiveCfg = Debug|Any CPU
		{F3BE4D52-D03E-7A63-516A-7670068E56F0}.Debug|Any CPU.Build.0 = Debug|Any CPU
		{F3BE4D52-D03E-7A63-516A-7670068E56F0}.Debug|x64.ActiveCfg = Debug|Any CPU
		{F3BE4D52-D03E-7A63-516A-7670068E56F0}.Debug|x64.Build.0 = Debug|Any CPU
		{F3BE4D52-D03E-7A63-516A-7670068E56F0}.Debug|x86.ActiveCfg = Debug|Any CPU
		{F3BE4D52-D03E-7A63-516A-7670068E56F0}.Debug|x86.Build.0 = Debug|Any CPU
		{F3BE4D52-D03E-7A63-516A-7670068E56F0}.Release|Any CPU.ActiveCfg = Release|Any CPU
		{F3BE4D52-D03E-7A63-516A-7670068E56F0}.Release|Any CPU.Build.0 = Release|Any CPU
		{F3BE4D52-D03E-7A63-516A-7670068E56F0}.Release|x64.ActiveCfg = Release|Any CPU
		{F3BE4D52-D03E-7A63-516A-7670068E56F0}.Release|x64.Build.0 = Release|Any CPU
		{F3BE4D52-D03E-7A63-516A-7670068E56F0}.Release|x86.ActiveCfg = Release|Any CPU
		{F3BE4D52-D03E-7A63-516A-7670068E56F0}.Release|x86.Build.0 = Release|Any CPU
		{D17D32EA-C81C-03F2-1652-9354BF22A95E}.Debug|Any CPU.ActiveCfg = Debug|Any CPU
		{D17D32EA-C81C-03F2-1652-9354BF22A95E}.Debug|Any CPU.Build.0 = Debug|Any CPU
		{D17D32EA-C81C-03F2-1652-9354BF22A95E}.Debug|x64.ActiveCfg = Debug|Any CPU
		{D17D32EA-C81C-03F2-1652-9354BF22A95E}.Debug|x64.Build.0 = Debug|Any CPU
		{D17D32EA-C81C-03F2-1652-9354BF22A95E}.Debug|x86.ActiveCfg = Debug|Any CPU
		{D17D32EA-C81C-03F2-1652-9354BF22A95E}.Debug|x86.Build.0 = Debug|Any CPU
		{D17D32EA-C81C-03F2-1652-9354BF22A95E}.Release|Any CPU.ActiveCfg = Release|Any CPU
		{D17D32EA-C81C-03F2-1652-9354BF22A95E}.Release|Any CPU.Build.0 = Release|Any CPU
		{D17D32EA-C81C-03F2-1652-9354BF22A95E}.Release|x64.ActiveCfg = Release|Any CPU
		{D17D32EA-C81C-03F2-1652-9354BF22A95E}.Release|x64.Build.0 = Release|Any CPU
		{D17D32EA-C81C-03F2-1652-9354BF22A95E}.Release|x86.ActiveCfg = Release|Any CPU
		{D17D32EA-C81C-03F2-1652-9354BF22A95E}.Release|x86.Build.0 = Release|Any CPU
		{B3A3970D-38BD-4894-B4FD-F3399D8C80AD}.Debug|Any CPU.ActiveCfg = Debug|Any CPU
		{B3A3970D-38BD-4894-B4FD-F3399D8C80AD}.Debug|Any CPU.Build.0 = Debug|Any CPU
		{B3A3970D-38BD-4894-B4FD-F3399D8C80AD}.Debug|x64.ActiveCfg = Debug|Any CPU
		{B3A3970D-38BD-4894-B4FD-F3399D8C80AD}.Debug|x64.Build.0 = Debug|Any CPU
		{B3A3970D-38BD-4894-B4FD-F3399D8C80AD}.Debug|x86.ActiveCfg = Debug|Any CPU
		{B3A3970D-38BD-4894-B4FD-F3399D8C80AD}.Debug|x86.Build.0 = Debug|Any CPU
		{B3A3970D-38BD-4894-B4FD-F3399D8C80AD}.Release|Any CPU.ActiveCfg = Release|Any CPU
		{B3A3970D-38BD-4894-B4FD-F3399D8C80AD}.Release|Any CPU.Build.0 = Release|Any CPU
		{B3A3970D-38BD-4894-B4FD-F3399D8C80AD}.Release|x64.ActiveCfg = Release|Any CPU
		{B3A3970D-38BD-4894-B4FD-F3399D8C80AD}.Release|x64.Build.0 = Release|Any CPU
		{B3A3970D-38BD-4894-B4FD-F3399D8C80AD}.Release|x86.ActiveCfg = Release|Any CPU
		{B3A3970D-38BD-4894-B4FD-F3399D8C80AD}.Release|x86.Build.0 = Release|Any CPU
		{99BE37A1-495F-47F9-9BF1-06118EE44810}.Debug|Any CPU.ActiveCfg = Debug|Any CPU
		{99BE37A1-495F-47F9-9BF1-06118EE44810}.Debug|Any CPU.Build.0 = Debug|Any CPU
		{99BE37A1-495F-47F9-9BF1-06118EE44810}.Debug|x64.ActiveCfg = Debug|Any CPU
		{99BE37A1-495F-47F9-9BF1-06118EE44810}.Debug|x64.Build.0 = Debug|Any CPU
		{99BE37A1-495F-47F9-9BF1-06118EE44810}.Debug|x86.ActiveCfg = Debug|Any CPU
		{99BE37A1-495F-47F9-9BF1-06118EE44810}.Debug|x86.Build.0 = Debug|Any CPU
		{99BE37A1-495F-47F9-9BF1-06118EE44810}.Release|Any CPU.ActiveCfg = Release|Any CPU
		{99BE37A1-495F-47F9-9BF1-06118EE44810}.Release|Any CPU.Build.0 = Release|Any CPU
		{99BE37A1-495F-47F9-9BF1-06118EE44810}.Release|x64.ActiveCfg = Release|Any CPU
		{99BE37A1-495F-47F9-9BF1-06118EE44810}.Release|x64.Build.0 = Release|Any CPU
		{99BE37A1-495F-47F9-9BF1-06118EE44810}.Release|x86.ActiveCfg = Release|Any CPU
		{99BE37A1-495F-47F9-9BF1-06118EE44810}.Release|x86.Build.0 = Release|Any CPU
		{5F5FDE11-B167-0ACB-3A75-A80A7CF9BA55}.Debug|Any CPU.ActiveCfg = Debug|Any CPU
		{5F5FDE11-B167-0ACB-3A75-A80A7CF9BA55}.Debug|Any CPU.Build.0 = Debug|Any CPU
		{5F5FDE11-B167-0ACB-3A75-A80A7CF9BA55}.Debug|x64.ActiveCfg = Debug|Any CPU
		{5F5FDE11-B167-0ACB-3A75-A80A7CF9BA55}.Debug|x64.Build.0 = Debug|Any CPU
		{5F5FDE11-B167-0ACB-3A75-A80A7CF9BA55}.Debug|x86.ActiveCfg = Debug|Any CPU
		{5F5FDE11-B167-0ACB-3A75-A80A7CF9BA55}.Debug|x86.Build.0 = Debug|Any CPU
		{5F5FDE11-B167-0ACB-3A75-A80A7CF9BA55}.Release|Any CPU.ActiveCfg = Release|Any CPU
		{5F5FDE11-B167-0ACB-3A75-A80A7CF9BA55}.Release|Any CPU.Build.0 = Release|Any CPU
		{5F5FDE11-B167-0ACB-3A75-A80A7CF9BA55}.Release|x64.ActiveCfg = Release|Any CPU
		{5F5FDE11-B167-0ACB-3A75-A80A7CF9BA55}.Release|x64.Build.0 = Release|Any CPU
		{5F5FDE11-B167-0ACB-3A75-A80A7CF9BA55}.Release|x86.ActiveCfg = Release|Any CPU
		{5F5FDE11-B167-0ACB-3A75-A80A7CF9BA55}.Release|x86.Build.0 = Release|Any CPU
		{652453D5-7AF1-400F-9A20-B487B8E46957}.Debug|Any CPU.ActiveCfg = Debug|Any CPU
		{652453D5-7AF1-400F-9A20-B487B8E46957}.Debug|Any CPU.Build.0 = Debug|Any CPU
		{652453D5-7AF1-400F-9A20-B487B8E46957}.Debug|x64.ActiveCfg = Debug|Any CPU
		{652453D5-7AF1-400F-9A20-B487B8E46957}.Debug|x64.Build.0 = Debug|Any CPU
		{652453D5-7AF1-400F-9A20-B487B8E46957}.Debug|x86.ActiveCfg = Debug|Any CPU
		{652453D5-7AF1-400F-9A20-B487B8E46957}.Debug|x86.Build.0 = Debug|Any CPU
		{652453D5-7AF1-400F-9A20-B487B8E46957}.Release|Any CPU.ActiveCfg = Release|Any CPU
		{652453D5-7AF1-400F-9A20-B487B8E46957}.Release|Any CPU.Build.0 = Release|Any CPU
		{652453D5-7AF1-400F-9A20-B487B8E46957}.Release|x64.ActiveCfg = Release|Any CPU
		{652453D5-7AF1-400F-9A20-B487B8E46957}.Release|x64.Build.0 = Release|Any CPU
		{652453D5-7AF1-400F-9A20-B487B8E46957}.Release|x86.ActiveCfg = Release|Any CPU
		{652453D5-7AF1-400F-9A20-B487B8E46957}.Release|x86.Build.0 = Release|Any CPU
		{96031690-C4D3-7143-DEC8-46C447026E2C}.Debug|Any CPU.ActiveCfg = Debug|Any CPU
		{96031690-C4D3-7143-DEC8-46C447026E2C}.Debug|Any CPU.Build.0 = Debug|Any CPU
		{96031690-C4D3-7143-DEC8-46C447026E2C}.Debug|x64.ActiveCfg = Debug|Any CPU
		{96031690-C4D3-7143-DEC8-46C447026E2C}.Debug|x64.Build.0 = Debug|Any CPU
		{96031690-C4D3-7143-DEC8-46C447026E2C}.Debug|x86.ActiveCfg = Debug|Any CPU
		{96031690-C4D3-7143-DEC8-46C447026E2C}.Debug|x86.Build.0 = Debug|Any CPU
		{96031690-C4D3-7143-DEC8-46C447026E2C}.Release|Any CPU.ActiveCfg = Release|Any CPU
		{96031690-C4D3-7143-DEC8-46C447026E2C}.Release|Any CPU.Build.0 = Release|Any CPU
		{96031690-C4D3-7143-DEC8-46C447026E2C}.Release|x64.ActiveCfg = Release|Any CPU
		{96031690-C4D3-7143-DEC8-46C447026E2C}.Release|x64.Build.0 = Release|Any CPU
		{96031690-C4D3-7143-DEC8-46C447026E2C}.Release|x86.ActiveCfg = Release|Any CPU
		{96031690-C4D3-7143-DEC8-46C447026E2C}.Release|x86.Build.0 = Release|Any CPU
		{4A6DA9D4-0558-4B77-9A05-DB7EA79CC416}.Debug|Any CPU.ActiveCfg = Debug|Any CPU
		{4A6DA9D4-0558-4B77-9A05-DB7EA79CC416}.Debug|Any CPU.Build.0 = Debug|Any CPU
		{4A6DA9D4-0558-4B77-9A05-DB7EA79CC416}.Debug|x64.ActiveCfg = Debug|Any CPU
		{4A6DA9D4-0558-4B77-9A05-DB7EA79CC416}.Debug|x64.Build.0 = Debug|Any CPU
		{4A6DA9D4-0558-4B77-9A05-DB7EA79CC416}.Debug|x86.ActiveCfg = Debug|Any CPU
		{4A6DA9D4-0558-4B77-9A05-DB7EA79CC416}.Debug|x86.Build.0 = Debug|Any CPU
		{4A6DA9D4-0558-4B77-9A05-DB7EA79CC416}.Release|Any CPU.ActiveCfg = Release|Any CPU
		{4A6DA9D4-0558-4B77-9A05-DB7EA79CC416}.Release|Any CPU.Build.0 = Release|Any CPU
		{4A6DA9D4-0558-4B77-9A05-DB7EA79CC416}.Release|x64.ActiveCfg = Release|Any CPU
		{4A6DA9D4-0558-4B77-9A05-DB7EA79CC416}.Release|x64.Build.0 = Release|Any CPU
		{4A6DA9D4-0558-4B77-9A05-DB7EA79CC416}.Release|x86.ActiveCfg = Release|Any CPU
		{4A6DA9D4-0558-4B77-9A05-DB7EA79CC416}.Release|x86.Build.0 = Release|Any CPU
		{B676172D-7CDA-4F10-8B40-CA3D260A29D9}.Debug|Any CPU.ActiveCfg = Debug|Any CPU
		{B676172D-7CDA-4F10-8B40-CA3D260A29D9}.Debug|Any CPU.Build.0 = Debug|Any CPU
		{B676172D-7CDA-4F10-8B40-CA3D260A29D9}.Debug|x64.ActiveCfg = Debug|Any CPU
		{B676172D-7CDA-4F10-8B40-CA3D260A29D9}.Debug|x64.Build.0 = Debug|Any CPU
		{B676172D-7CDA-4F10-8B40-CA3D260A29D9}.Debug|x86.ActiveCfg = Debug|Any CPU
		{B676172D-7CDA-4F10-8B40-CA3D260A29D9}.Debug|x86.Build.0 = Debug|Any CPU
		{B676172D-7CDA-4F10-8B40-CA3D260A29D9}.Release|Any CPU.ActiveCfg = Release|Any CPU
		{B676172D-7CDA-4F10-8B40-CA3D260A29D9}.Release|Any CPU.Build.0 = Release|Any CPU
		{B676172D-7CDA-4F10-8B40-CA3D260A29D9}.Release|x64.ActiveCfg = Release|Any CPU
		{B676172D-7CDA-4F10-8B40-CA3D260A29D9}.Release|x64.Build.0 = Release|Any CPU
		{B676172D-7CDA-4F10-8B40-CA3D260A29D9}.Release|x86.ActiveCfg = Release|Any CPU
		{B676172D-7CDA-4F10-8B40-CA3D260A29D9}.Release|x86.Build.0 = Release|Any CPU
		{23733994-2B8B-40B6-8BB3-062E777CA4A0}.Debug|Any CPU.ActiveCfg = Debug|Any CPU
		{23733994-2B8B-40B6-8BB3-062E777CA4A0}.Debug|Any CPU.Build.0 = Debug|Any CPU
		{23733994-2B8B-40B6-8BB3-062E777CA4A0}.Debug|x64.ActiveCfg = Debug|Any CPU
		{23733994-2B8B-40B6-8BB3-062E777CA4A0}.Debug|x64.Build.0 = Debug|Any CPU
		{23733994-2B8B-40B6-8BB3-062E777CA4A0}.Debug|x86.ActiveCfg = Debug|Any CPU
		{23733994-2B8B-40B6-8BB3-062E777CA4A0}.Debug|x86.Build.0 = Debug|Any CPU
		{23733994-2B8B-40B6-8BB3-062E777CA4A0}.Release|Any CPU.ActiveCfg = Release|Any CPU
		{23733994-2B8B-40B6-8BB3-062E777CA4A0}.Release|Any CPU.Build.0 = Release|Any CPU
		{23733994-2B8B-40B6-8BB3-062E777CA4A0}.Release|x64.ActiveCfg = Release|Any CPU
		{23733994-2B8B-40B6-8BB3-062E777CA4A0}.Release|x64.Build.0 = Release|Any CPU
		{23733994-2B8B-40B6-8BB3-062E777CA4A0}.Release|x86.ActiveCfg = Release|Any CPU
		{23733994-2B8B-40B6-8BB3-062E777CA4A0}.Release|x86.Build.0 = Release|Any CPU
		{F1CB65AD-EDDB-4576-93D6-08D443CEA466}.Debug|Any CPU.ActiveCfg = Debug|Any CPU
		{F1CB65AD-EDDB-4576-93D6-08D443CEA466}.Debug|Any CPU.Build.0 = Debug|Any CPU
		{F1CB65AD-EDDB-4576-93D6-08D443CEA466}.Debug|x64.ActiveCfg = Debug|Any CPU
		{F1CB65AD-EDDB-4576-93D6-08D443CEA466}.Debug|x64.Build.0 = Debug|Any CPU
		{F1CB65AD-EDDB-4576-93D6-08D443CEA466}.Debug|x86.ActiveCfg = Debug|Any CPU
		{F1CB65AD-EDDB-4576-93D6-08D443CEA466}.Debug|x86.Build.0 = Debug|Any CPU
		{F1CB65AD-EDDB-4576-93D6-08D443CEA466}.Release|Any CPU.ActiveCfg = Release|Any CPU
		{F1CB65AD-EDDB-4576-93D6-08D443CEA466}.Release|Any CPU.Build.0 = Release|Any CPU
		{F1CB65AD-EDDB-4576-93D6-08D443CEA466}.Release|x64.ActiveCfg = Release|Any CPU
		{F1CB65AD-EDDB-4576-93D6-08D443CEA466}.Release|x64.Build.0 = Release|Any CPU
		{F1CB65AD-EDDB-4576-93D6-08D443CEA466}.Release|x86.ActiveCfg = Release|Any CPU
		{F1CB65AD-EDDB-4576-93D6-08D443CEA466}.Release|x86.Build.0 = Release|Any CPU
		{4907C7CA-2AA3-4E86-BCD7-09BB7AAA4A08}.Debug|Any CPU.ActiveCfg = Debug|Any CPU
		{4907C7CA-2AA3-4E86-BCD7-09BB7AAA4A08}.Debug|Any CPU.Build.0 = Debug|Any CPU
		{4907C7CA-2AA3-4E86-BCD7-09BB7AAA4A08}.Debug|x64.ActiveCfg = Debug|Any CPU
		{4907C7CA-2AA3-4E86-BCD7-09BB7AAA4A08}.Debug|x64.Build.0 = Debug|Any CPU
		{4907C7CA-2AA3-4E86-BCD7-09BB7AAA4A08}.Debug|x86.ActiveCfg = Debug|Any CPU
		{4907C7CA-2AA3-4E86-BCD7-09BB7AAA4A08}.Debug|x86.Build.0 = Debug|Any CPU
		{4907C7CA-2AA3-4E86-BCD7-09BB7AAA4A08}.Release|Any CPU.ActiveCfg = Release|Any CPU
		{4907C7CA-2AA3-4E86-BCD7-09BB7AAA4A08}.Release|Any CPU.Build.0 = Release|Any CPU
		{4907C7CA-2AA3-4E86-BCD7-09BB7AAA4A08}.Release|x64.ActiveCfg = Release|Any CPU
		{4907C7CA-2AA3-4E86-BCD7-09BB7AAA4A08}.Release|x64.Build.0 = Release|Any CPU
		{4907C7CA-2AA3-4E86-BCD7-09BB7AAA4A08}.Release|x86.ActiveCfg = Release|Any CPU
		{4907C7CA-2AA3-4E86-BCD7-09BB7AAA4A08}.Release|x86.Build.0 = Release|Any CPU
		{42D27FC7-14AE-4701-B6B0-A78EBA25FE1C}.Debug|Any CPU.ActiveCfg = Debug|Any CPU
		{42D27FC7-14AE-4701-B6B0-A78EBA25FE1C}.Debug|Any CPU.Build.0 = Debug|Any CPU
		{42D27FC7-14AE-4701-B6B0-A78EBA25FE1C}.Debug|x64.ActiveCfg = Debug|Any CPU
		{42D27FC7-14AE-4701-B6B0-A78EBA25FE1C}.Debug|x64.Build.0 = Debug|Any CPU
		{42D27FC7-14AE-4701-B6B0-A78EBA25FE1C}.Debug|x86.ActiveCfg = Debug|Any CPU
		{42D27FC7-14AE-4701-B6B0-A78EBA25FE1C}.Debug|x86.Build.0 = Debug|Any CPU
		{42D27FC7-14AE-4701-B6B0-A78EBA25FE1C}.Release|Any CPU.ActiveCfg = Release|Any CPU
		{42D27FC7-14AE-4701-B6B0-A78EBA25FE1C}.Release|Any CPU.Build.0 = Release|Any CPU
		{42D27FC7-14AE-4701-B6B0-A78EBA25FE1C}.Release|x64.ActiveCfg = Release|Any CPU
		{42D27FC7-14AE-4701-B6B0-A78EBA25FE1C}.Release|x64.Build.0 = Release|Any CPU
		{42D27FC7-14AE-4701-B6B0-A78EBA25FE1C}.Release|x86.ActiveCfg = Release|Any CPU
		{42D27FC7-14AE-4701-B6B0-A78EBA25FE1C}.Release|x86.Build.0 = Release|Any CPU
		{2932B33E-67B5-4310-9F9B-94BB5F4EB82C}.Debug|Any CPU.ActiveCfg = Debug|Any CPU
		{2932B33E-67B5-4310-9F9B-94BB5F4EB82C}.Debug|Any CPU.Build.0 = Debug|Any CPU
		{2932B33E-67B5-4310-9F9B-94BB5F4EB82C}.Debug|x64.ActiveCfg = Debug|Any CPU
		{2932B33E-67B5-4310-9F9B-94BB5F4EB82C}.Debug|x64.Build.0 = Debug|Any CPU
		{2932B33E-67B5-4310-9F9B-94BB5F4EB82C}.Debug|x86.ActiveCfg = Debug|Any CPU
		{2932B33E-67B5-4310-9F9B-94BB5F4EB82C}.Debug|x86.Build.0 = Debug|Any CPU
		{2932B33E-67B5-4310-9F9B-94BB5F4EB82C}.Release|Any CPU.ActiveCfg = Release|Any CPU
		{2932B33E-67B5-4310-9F9B-94BB5F4EB82C}.Release|Any CPU.Build.0 = Release|Any CPU
		{2932B33E-67B5-4310-9F9B-94BB5F4EB82C}.Release|x64.ActiveCfg = Release|Any CPU
		{2932B33E-67B5-4310-9F9B-94BB5F4EB82C}.Release|x64.Build.0 = Release|Any CPU
		{2932B33E-67B5-4310-9F9B-94BB5F4EB82C}.Release|x86.ActiveCfg = Release|Any CPU
		{2932B33E-67B5-4310-9F9B-94BB5F4EB82C}.Release|x86.Build.0 = Release|Any CPU
		{63FDBB5A-74C2-4D1A-8326-EF980E47CC3F}.Debug|Any CPU.ActiveCfg = Debug|Any CPU
		{63FDBB5A-74C2-4D1A-8326-EF980E47CC3F}.Debug|Any CPU.Build.0 = Debug|Any CPU
		{63FDBB5A-74C2-4D1A-8326-EF980E47CC3F}.Debug|x64.ActiveCfg = Debug|Any CPU
		{63FDBB5A-74C2-4D1A-8326-EF980E47CC3F}.Debug|x64.Build.0 = Debug|Any CPU
		{63FDBB5A-74C2-4D1A-8326-EF980E47CC3F}.Debug|x86.ActiveCfg = Debug|Any CPU
		{63FDBB5A-74C2-4D1A-8326-EF980E47CC3F}.Debug|x86.Build.0 = Debug|Any CPU
		{63FDBB5A-74C2-4D1A-8326-EF980E47CC3F}.Release|Any CPU.ActiveCfg = Release|Any CPU
		{63FDBB5A-74C2-4D1A-8326-EF980E47CC3F}.Release|Any CPU.Build.0 = Release|Any CPU
		{63FDBB5A-74C2-4D1A-8326-EF980E47CC3F}.Release|x64.ActiveCfg = Release|Any CPU
		{63FDBB5A-74C2-4D1A-8326-EF980E47CC3F}.Release|x64.Build.0 = Release|Any CPU
		{63FDBB5A-74C2-4D1A-8326-EF980E47CC3F}.Release|x86.ActiveCfg = Release|Any CPU
		{63FDBB5A-74C2-4D1A-8326-EF980E47CC3F}.Release|x86.Build.0 = Release|Any CPU
	EndGlobalSection
	GlobalSection(SolutionProperties) = preSolution
		HideSolutionNode = FALSE
	EndGlobalSection
	GlobalSection(ExtensibilityGlobals) = postSolution
		SolutionGuid = {A223C33D-6D37-4C0E-8755-BA46F9759CB1}
	EndGlobalSection
EndGlobal
