
Microsoft Visual Studio Solution File, Format Version 12.00
# Visual Studio Version 17
VisualStudioVersion = 17.1.32210.238
MinimumVisualStudioVersion = 10.0.40219.1
Project("{9A19103F-16F7-4668-BE54-9A1E7A4F7556}") = "Lewee.Domain.Tests.Unit", "tests\Lewee.Domain.Tests.Unit\Lewee.Domain.Tests.Unit.csproj", "{3841F56D-1E2E-4185-B177-0510CB3D2673}"
EndProject
Project("{9A19103F-16F7-4668-BE54-9A1E7A4F7556}") = "Sample.Restaurant.Domain.Tests.Unit", "sample-tests\Sample.Restaurant.Domain.Tests.Unit\Sample.Restaurant.Domain.Tests.Unit.csproj", "{026C2EB0-3697-45C6-AF12-C85FE5907073}"
EndProject
Project("{9A19103F-16F7-4668-BE54-9A1E7A4F7556}") = "Lewee.Shared.Tests.Unit", "tests\Lewee.Shared.Tests.Unit\Lewee.Shared.Tests.Unit.csproj", "{1C2125F2-ECF1-4397-AFFD-78C2DD2DB890}"
EndProject
Project("{9A19103F-16F7-4668-BE54-9A1E7A4F7556}") = "Sample.Restaurant.Client", "sample\Sample.Restaurant.Client\Sample.Restaurant.Client.csproj", "{01070FB9-1F57-4565-A218-B156C8D66485}"
EndProject
Project("{9A19103F-16F7-4668-BE54-9A1E7A4F7556}") = "Sample.Restaurant.Server", "sample\Sample.Restaurant.Server\Sample.Restaurant.Server.csproj", "{4FA19161-03E8-43C0-A55A-FD248FAC1F8F}"
EndProject
Project("{9A19103F-16F7-4668-BE54-9A1E7A4F7556}") = "Sample.Restaurant.Server.Tests.Integration", "sample-tests\Sample.Restaurant.Server.Tests.Integration\Sample.Restaurant.Server.Tests.Integration.csproj", "{21B9F30A-FFFE-41E7-A721-F6C1CF81C8D9}"
EndProject
Global
	GlobalSection(SolutionConfigurationPlatforms) = preSolution
		Debug|Any CPU = Debug|Any CPU
		Release|Any CPU = Release|Any CPU
	EndGlobalSection
	GlobalSection(ProjectConfigurationPlatforms) = postSolution
		{3841F56D-1E2E-4185-B177-0510CB3D2673}.Debug|Any CPU.ActiveCfg = Debug|Any CPU
		{3841F56D-1E2E-4185-B177-0510CB3D2673}.Debug|Any CPU.Build.0 = Debug|Any CPU
		{3841F56D-1E2E-4185-B177-0510CB3D2673}.Release|Any CPU.ActiveCfg = Release|Any CPU
		{3841F56D-1E2E-4185-B177-0510CB3D2673}.Release|Any CPU.Build.0 = Release|Any CPU
		{026C2EB0-3697-45C6-AF12-C85FE5907073}.Debug|Any CPU.ActiveCfg = Debug|Any CPU
		{026C2EB0-3697-45C6-AF12-C85FE5907073}.Debug|Any CPU.Build.0 = Debug|Any CPU
		{026C2EB0-3697-45C6-AF12-C85FE5907073}.Release|Any CPU.ActiveCfg = Release|Any CPU
		{026C2EB0-3697-45C6-AF12-C85FE5907073}.Release|Any CPU.Build.0 = Release|Any CPU
		{1C2125F2-ECF1-4397-AFFD-78C2DD2DB890}.Debug|Any CPU.ActiveCfg = Debug|Any CPU
		{1C2125F2-ECF1-4397-AFFD-78C2DD2DB890}.Debug|Any CPU.Build.0 = Debug|Any CPU
		{1C2125F2-ECF1-4397-AFFD-78C2DD2DB890}.Release|Any CPU.ActiveCfg = Release|Any CPU
		{1C2125F2-ECF1-4397-AFFD-78C2DD2DB890}.Release|Any CPU.Build.0 = Release|Any CPU
		{01070FB9-1F57-4565-A218-B156C8D66485}.Debug|Any CPU.ActiveCfg = Debug|Any CPU
		{01070FB9-1F57-4565-A218-B156C8D66485}.Debug|Any CPU.Build.0 = Debug|Any CPU
		{01070FB9-1F57-4565-A218-B156C8D66485}.Release|Any CPU.ActiveCfg = Release|Any CPU
		{01070FB9-1F57-4565-A218-B156C8D66485}.Release|Any CPU.Build.0 = Release|Any CPU
		{4FA19161-03E8-43C0-A55A-FD248FAC1F8F}.Debug|Any CPU.ActiveCfg = Debug|Any CPU
		{4FA19161-03E8-43C0-A55A-FD248FAC1F8F}.Debug|Any CPU.Build.0 = Debug|Any CPU
		{4FA19161-03E8-43C0-A55A-FD248FAC1F8F}.Release|Any CPU.ActiveCfg = Release|Any CPU
		{4FA19161-03E8-43C0-A55A-FD248FAC1F8F}.Release|Any CPU.Build.0 = Release|Any CPU
		{21B9F30A-FFFE-41E7-A721-F6C1CF81C8D9}.Debug|Any CPU.ActiveCfg = Debug|Any CPU
		{21B9F30A-FFFE-41E7-A721-F6C1CF81C8D9}.Debug|Any CPU.Build.0 = Debug|Any CPU
		{21B9F30A-FFFE-41E7-A721-F6C1CF81C8D9}.Release|Any CPU.ActiveCfg = Release|Any CPU
		{21B9F30A-FFFE-41E7-A721-F6C1CF81C8D9}.Release|Any CPU.Build.0 = Release|Any CPU
	EndGlobalSection
	GlobalSection(SolutionProperties) = preSolution
		HideSolutionNode = FALSE
	EndGlobalSection
	GlobalSection(ExtensibilityGlobals) = postSolution
		SolutionGuid = {A223C33D-6D37-4C0E-8755-BA46F9759CB1}
	EndGlobalSection
EndGlobal
