
Microsoft Visual Studio Solution File, Format Version 12.00
# Visual Studio Version 17
VisualStudioVersion = 17.1.32210.238
MinimumVisualStudioVersion = 10.0.40219.1
Project("{9A19103F-16F7-4668-BE54-9A1E7A4F7556}") = "Lewee.Domain", "src\Lewee.Domain\Lewee.Domain.csproj", "{E6548439-D04C-46BA-938A-CB96427C488A}"
EndProject
Project("{2150E333-8FDC-42A3-9474-1A3956D46DE8}") = "Solution Items", "Solution Items", "{7E790C5A-DAB6-407B-AC20-752D08869BEC}"
	ProjectSection(SolutionItems) = preProject
		.editorconfig = .editorconfig
		.gitignore = .gitignore
		coverage.runsettings = coverage.runsettings
		Directory.Build.props = Directory.Build.props
		Directory.Packages.props = Directory.Packages.props
		README.md = README.md
		spelling-exclusion.txt = spelling-exclusion.txt
		test-coverage.ps1 = test-coverage.ps1
	EndProjectSection
EndProject
Project("{9A19103F-16F7-4668-BE54-9A1E7A4F7556}") = "Lewee.Application", "src\Lewee.Application\Lewee.Application.csproj", "{CA68F196-F166-4A8F-A22E-3D74DD811DF5}"
EndProject
Project("{9A19103F-16F7-4668-BE54-9A1E7A4F7556}") = "Lewee.Domain.Tests.Unit", "tests\Lewee.Domain.Tests.Unit\Lewee.Domain.Tests.Unit.csproj", "{3841F56D-1E2E-4185-B177-0510CB3D2673}"
EndProject
Project("{9A19103F-16F7-4668-BE54-9A1E7A4F7556}") = "Sample.Restaurant.Domain", "sample\Sample.Restaurant.Domain\Sample.Restaurant.Domain.csproj", "{32C8622B-DF6A-4A15-B866-8ADC12173710}"
EndProject
Project("{9A19103F-16F7-4668-BE54-9A1E7A4F7556}") = "Sample.Restaurant.Infrastructure", "sample\Sample.Restaurant.Infrastructure\Sample.Restaurant.Infrastructure.csproj", "{83B7D40F-8455-446C-B7CA-EE558C2532AE}"
EndProject
Project("{9A19103F-16F7-4668-BE54-9A1E7A4F7556}") = "Sample.Restaurant.Application", "sample\Sample.Restaurant.Application\Sample.Restaurant.Application.csproj", "{D73A3EA5-C39D-4627-920B-256836E26332}"
EndProject
Project("{9A19103F-16F7-4668-BE54-9A1E7A4F7556}") = "Sample.Restaurant.Contracts", "sample\Sample.Restaurant.Contracts\Sample.Restaurant.Contracts.csproj", "{8C561EB7-3BFF-4F68-9AF1-00EC42138316}"
EndProject
Project("{9A19103F-16F7-4668-BE54-9A1E7A4F7556}") = "Sample.Restaurant.Domain.Tests.Unit", "sample-tests\Sample.Restaurant.Domain.Tests.Unit\Sample.Restaurant.Domain.Tests.Unit.csproj", "{026C2EB0-3697-45C6-AF12-C85FE5907073}"
EndProject
Project("{9A19103F-16F7-4668-BE54-9A1E7A4F7556}") = "Lewee.Shared", "src\Lewee.Shared\Lewee.Shared.csproj", "{F0760CA0-4EE6-4B8A-AD2B-C4C6AC9073FD}"
EndProject
Project("{9A19103F-16F7-4668-BE54-9A1E7A4F7556}") = "Lewee.Shared.Tests.Unit", "tests\Lewee.Shared.Tests.Unit\Lewee.Shared.Tests.Unit.csproj", "{1C2125F2-ECF1-4397-AFFD-78C2DD2DB890}"
EndProject
Project("{9A19103F-16F7-4668-BE54-9A1E7A4F7556}") = "Lewee.Infrastructure.AspNet", "src\Lewee.Infrastructure.AspNet\Lewee.Infrastructure.AspNet.csproj", "{F4BF1C42-9A44-4912-B89A-CD37EA9B50BF}"
EndProject
Project("{9A19103F-16F7-4668-BE54-9A1E7A4F7556}") = "Lewee.Infrastructure.AspNet.WebApi", "src\Lewee.Infrastructure.AspNet.WebApi\Lewee.Infrastructure.AspNet.WebApi.csproj", "{8F8633FD-1887-43F9-82F5-BDB2DAA96130}"
EndProject
Project("{9A19103F-16F7-4668-BE54-9A1E7A4F7556}") = "Lewee.Infrastructure.Data", "src\Lewee.Infrastructure.Data\Lewee.Infrastructure.Data.csproj", "{17B724E1-E933-456D-9E10-6C379FD0642E}"
EndProject
Project("{9A19103F-16F7-4668-BE54-9A1E7A4F7556}") = "Lewee.Blazor", "src\Lewee.Blazor\Lewee.Blazor.csproj", "{4507AB85-C9F4-4F1B-ADA1-C70DEC2A14A1}"
EndProject
Project("{9A19103F-16F7-4668-BE54-9A1E7A4F7556}") = "Lewee.Contracts", "src\Lewee.Contracts\Lewee.Contracts.csproj", "{11FA49CE-74B9-4EBA-B5B6-8A4DD2D4298D}"
EndProject
Project("{9A19103F-16F7-4668-BE54-9A1E7A4F7556}") = "Sample.Restaurant.Client", "sample\Sample.Restaurant.Client\Sample.Restaurant.Client.csproj", "{01070FB9-1F57-4565-A218-B156C8D66485}"
EndProject
Project("{9A19103F-16F7-4668-BE54-9A1E7A4F7556}") = "Sample.Restaurant.Server", "sample\Sample.Restaurant.Server\Sample.Restaurant.Server.csproj", "{4FA19161-03E8-43C0-A55A-FD248FAC1F8F}"
EndProject
Project("{9A19103F-16F7-4668-BE54-9A1E7A4F7556}") = "Sample.Restaurant.Server.Tests.Integration", "sample-tests\Sample.Restaurant.Server.Tests.Integration\Sample.Restaurant.Server.Tests.Integration.csproj", "{21B9F30A-FFFE-41E7-A721-F6C1CF81C8D9}"
EndProject
Project("{9A19103F-16F7-4668-BE54-9A1E7A4F7556}") = "Lewee.IntegrationTests", "src\Lewee.IntegrationTests\Lewee.IntegrationTests.csproj", "{27CE2C4C-ED90-44DA-B3E3-E798459E4B5B}"
EndProject
Global
	GlobalSection(SolutionConfigurationPlatforms) = preSolution
		Debug|Any CPU = Debug|Any CPU
		Release|Any CPU = Release|Any CPU
	EndGlobalSection
	GlobalSection(ProjectConfigurationPlatforms) = postSolution
		{E6548439-D04C-46BA-938A-CB96427C488A}.Debug|Any CPU.ActiveCfg = Debug|Any CPU
		{E6548439-D04C-46BA-938A-CB96427C488A}.Debug|Any CPU.Build.0 = Debug|Any CPU
		{E6548439-D04C-46BA-938A-CB96427C488A}.Release|Any CPU.ActiveCfg = Release|Any CPU
		{E6548439-D04C-46BA-938A-CB96427C488A}.Release|Any CPU.Build.0 = Release|Any CPU
		{CA68F196-F166-4A8F-A22E-3D74DD811DF5}.Debug|Any CPU.ActiveCfg = Debug|Any CPU
		{CA68F196-F166-4A8F-A22E-3D74DD811DF5}.Debug|Any CPU.Build.0 = Debug|Any CPU
		{CA68F196-F166-4A8F-A22E-3D74DD811DF5}.Release|Any CPU.ActiveCfg = Release|Any CPU
		{CA68F196-F166-4A8F-A22E-3D74DD811DF5}.Release|Any CPU.Build.0 = Release|Any CPU
		{3841F56D-1E2E-4185-B177-0510CB3D2673}.Debug|Any CPU.ActiveCfg = Debug|Any CPU
		{3841F56D-1E2E-4185-B177-0510CB3D2673}.Debug|Any CPU.Build.0 = Debug|Any CPU
		{3841F56D-1E2E-4185-B177-0510CB3D2673}.Release|Any CPU.ActiveCfg = Release|Any CPU
		{3841F56D-1E2E-4185-B177-0510CB3D2673}.Release|Any CPU.Build.0 = Release|Any CPU
		{32C8622B-DF6A-4A15-B866-8ADC12173710}.Debug|Any CPU.ActiveCfg = Debug|Any CPU
		{32C8622B-DF6A-4A15-B866-8ADC12173710}.Debug|Any CPU.Build.0 = Debug|Any CPU
		{32C8622B-DF6A-4A15-B866-8ADC12173710}.Release|Any CPU.ActiveCfg = Release|Any CPU
		{32C8622B-DF6A-4A15-B866-8ADC12173710}.Release|Any CPU.Build.0 = Release|Any CPU
		{83B7D40F-8455-446C-B7CA-EE558C2532AE}.Debug|Any CPU.ActiveCfg = Debug|Any CPU
		{83B7D40F-8455-446C-B7CA-EE558C2532AE}.Debug|Any CPU.Build.0 = Debug|Any CPU
		{83B7D40F-8455-446C-B7CA-EE558C2532AE}.Release|Any CPU.ActiveCfg = Release|Any CPU
		{83B7D40F-8455-446C-B7CA-EE558C2532AE}.Release|Any CPU.Build.0 = Release|Any CPU
		{D73A3EA5-C39D-4627-920B-256836E26332}.Debug|Any CPU.ActiveCfg = Debug|Any CPU
		{D73A3EA5-C39D-4627-920B-256836E26332}.Debug|Any CPU.Build.0 = Debug|Any CPU
		{D73A3EA5-C39D-4627-920B-256836E26332}.Release|Any CPU.ActiveCfg = Release|Any CPU
		{D73A3EA5-C39D-4627-920B-256836E26332}.Release|Any CPU.Build.0 = Release|Any CPU
		{8C561EB7-3BFF-4F68-9AF1-00EC42138316}.Debug|Any CPU.ActiveCfg = Debug|Any CPU
		{8C561EB7-3BFF-4F68-9AF1-00EC42138316}.Debug|Any CPU.Build.0 = Debug|Any CPU
		{8C561EB7-3BFF-4F68-9AF1-00EC42138316}.Release|Any CPU.ActiveCfg = Release|Any CPU
		{8C561EB7-3BFF-4F68-9AF1-00EC42138316}.Release|Any CPU.Build.0 = Release|Any CPU
		{026C2EB0-3697-45C6-AF12-C85FE5907073}.Debug|Any CPU.ActiveCfg = Debug|Any CPU
		{026C2EB0-3697-45C6-AF12-C85FE5907073}.Debug|Any CPU.Build.0 = Debug|Any CPU
		{026C2EB0-3697-45C6-AF12-C85FE5907073}.Release|Any CPU.ActiveCfg = Release|Any CPU
		{026C2EB0-3697-45C6-AF12-C85FE5907073}.Release|Any CPU.Build.0 = Release|Any CPU
		{F0760CA0-4EE6-4B8A-AD2B-C4C6AC9073FD}.Debug|Any CPU.ActiveCfg = Debug|Any CPU
		{F0760CA0-4EE6-4B8A-AD2B-C4C6AC9073FD}.Debug|Any CPU.Build.0 = Debug|Any CPU
		{F0760CA0-4EE6-4B8A-AD2B-C4C6AC9073FD}.Release|Any CPU.ActiveCfg = Release|Any CPU
		{F0760CA0-4EE6-4B8A-AD2B-C4C6AC9073FD}.Release|Any CPU.Build.0 = Release|Any CPU
		{1C2125F2-ECF1-4397-AFFD-78C2DD2DB890}.Debug|Any CPU.ActiveCfg = Debug|Any CPU
		{1C2125F2-ECF1-4397-AFFD-78C2DD2DB890}.Debug|Any CPU.Build.0 = Debug|Any CPU
		{1C2125F2-ECF1-4397-AFFD-78C2DD2DB890}.Release|Any CPU.ActiveCfg = Release|Any CPU
		{1C2125F2-ECF1-4397-AFFD-78C2DD2DB890}.Release|Any CPU.Build.0 = Release|Any CPU
		{F4BF1C42-9A44-4912-B89A-CD37EA9B50BF}.Debug|Any CPU.ActiveCfg = Debug|Any CPU
		{F4BF1C42-9A44-4912-B89A-CD37EA9B50BF}.Debug|Any CPU.Build.0 = Debug|Any CPU
		{F4BF1C42-9A44-4912-B89A-CD37EA9B50BF}.Release|Any CPU.ActiveCfg = Release|Any CPU
		{F4BF1C42-9A44-4912-B89A-CD37EA9B50BF}.Release|Any CPU.Build.0 = Release|Any CPU
		{8F8633FD-1887-43F9-82F5-BDB2DAA96130}.Debug|Any CPU.ActiveCfg = Debug|Any CPU
		{8F8633FD-1887-43F9-82F5-BDB2DAA96130}.Debug|Any CPU.Build.0 = Debug|Any CPU
		{8F8633FD-1887-43F9-82F5-BDB2DAA96130}.Release|Any CPU.ActiveCfg = Release|Any CPU
		{8F8633FD-1887-43F9-82F5-BDB2DAA96130}.Release|Any CPU.Build.0 = Release|Any CPU
		{17B724E1-E933-456D-9E10-6C379FD0642E}.Debug|Any CPU.ActiveCfg = Debug|Any CPU
		{17B724E1-E933-456D-9E10-6C379FD0642E}.Debug|Any CPU.Build.0 = Debug|Any CPU
		{17B724E1-E933-456D-9E10-6C379FD0642E}.Release|Any CPU.ActiveCfg = Release|Any CPU
		{17B724E1-E933-456D-9E10-6C379FD0642E}.Release|Any CPU.Build.0 = Release|Any CPU
		{4507AB85-C9F4-4F1B-ADA1-C70DEC2A14A1}.Debug|Any CPU.ActiveCfg = Debug|Any CPU
		{4507AB85-C9F4-4F1B-ADA1-C70DEC2A14A1}.Debug|Any CPU.Build.0 = Debug|Any CPU
		{4507AB85-C9F4-4F1B-ADA1-C70DEC2A14A1}.Release|Any CPU.ActiveCfg = Release|Any CPU
		{4507AB85-C9F4-4F1B-ADA1-C70DEC2A14A1}.Release|Any CPU.Build.0 = Release|Any CPU
		{11FA49CE-74B9-4EBA-B5B6-8A4DD2D4298D}.Debug|Any CPU.ActiveCfg = Debug|Any CPU
		{11FA49CE-74B9-4EBA-B5B6-8A4DD2D4298D}.Debug|Any CPU.Build.0 = Debug|Any CPU
		{11FA49CE-74B9-4EBA-B5B6-8A4DD2D4298D}.Release|Any CPU.ActiveCfg = Release|Any CPU
		{11FA49CE-74B9-4EBA-B5B6-8A4DD2D4298D}.Release|Any CPU.Build.0 = Release|Any CPU
		{01070FB9-1F57-4565-A218-B156C8D66485}.Debug|Any CPU.ActiveCfg = Debug|Any CPU
		{01070FB9-1F57-4565-A218-B156C8D66485}.Debug|Any CPU.Build.0 = Debug|Any CPU
		{01070FB9-1F57-4565-A218-B156C8D66485}.Release|Any CPU.ActiveCfg = Release|Any CPU
		{01070FB9-1F57-4565-A218-B156C8D66485}.Release|Any CPU.Build.0 = Release|Any CPU
		{4FA19161-03E8-43C0-A55A-FD248FAC1F8F}.Debug|Any CPU.ActiveCfg = Debug|Any CPU
		{4FA19161-03E8-43C0-A55A-FD248FAC1F8F}.Debug|Any CPU.Build.0 = Debug|Any CPU
		{4FA19161-03E8-43C0-A55A-FD248FAC1F8F}.Release|Any CPU.ActiveCfg = Release|Any CPU
		{4FA19161-03E8-43C0-A55A-FD248FAC1F8F}.Release|Any CPU.Build.0 = Release|Any CPU
		{21B9F30A-FFFE-41E7-A721-F6C1CF81C8D9}.Debug|Any CPU.ActiveCfg = Debug|Any CPU
		{21B9F30A-FFFE-41E7-A721-F6C1CF81C8D9}.Debug|Any CPU.Build.0 = Debug|Any CPU
		{21B9F30A-FFFE-41E7-A721-F6C1CF81C8D9}.Release|Any CPU.ActiveCfg = Release|Any CPU
		{21B9F30A-FFFE-41E7-A721-F6C1CF81C8D9}.Release|Any CPU.Build.0 = Release|Any CPU
		{27CE2C4C-ED90-44DA-B3E3-E798459E4B5B}.Debug|Any CPU.ActiveCfg = Debug|Any CPU
		{27CE2C4C-ED90-44DA-B3E3-E798459E4B5B}.Debug|Any CPU.Build.0 = Debug|Any CPU
		{27CE2C4C-ED90-44DA-B3E3-E798459E4B5B}.Release|Any CPU.ActiveCfg = Release|Any CPU
		{27CE2C4C-ED90-44DA-B3E3-E798459E4B5B}.Release|Any CPU.Build.0 = Release|Any CPU
	EndGlobalSection
	GlobalSection(SolutionProperties) = preSolution
		HideSolutionNode = FALSE
	EndGlobalSection
	GlobalSection(ExtensibilityGlobals) = postSolution
		SolutionGuid = {A223C33D-6D37-4C0E-8755-BA46F9759CB1}
	EndGlobalSection
EndGlobal
