
Microsoft Visual Studio Solution File, Format Version 12.00
# Visual Studio Version 17
VisualStudioVersion = 17.1.32210.238
MinimumVisualStudioVersion = 10.0.40219.1
Project("{9A19103F-16F7-4668-BE54-9A1E7A4F7556}") = "Lewee.Domain", "src\Lewee.Domain\Lewee.Domain.csproj", "{E6548439-D04C-46BA-938A-CB96427C488A}"
EndProject
Project("{2150E333-8FDC-42A3-9474-1A3956D46DE8}") = "Solution Items", "Solution Items", "{7E790C5A-DAB6-407B-AC20-752D08869BEC}"
	ProjectSection(SolutionItems) = preProject
		.editorconfig = .editorconfig
		.gitignore = .gitignore
		coverage.runsettings = coverage.runsettings
		Directory.Build.props = Directory.Build.props
		Directory.Packages.props = Directory.Packages.props
		README.md = README.md
		spelling-exclusion.txt = spelling-exclusion.txt
		test-coverage.ps1 = test-coverage.ps1
	EndProjectSection
EndProject
Project("{9A19103F-16F7-4668-BE54-9A1E7A4F7556}") = "Lewee.Application", "src\Lewee.Application\Lewee.Application.csproj", "{CA68F196-F166-4A8F-A22E-3D74DD811DF5}"
EndProject
Project("{9A19103F-16F7-4668-BE54-9A1E7A4F7556}") = "Lewee.Domain.Tests.Unit", "tests\Lewee.Domain.Tests.Unit\Lewee.Domain.Tests.Unit.csproj", "{3841F56D-1E2E-4185-B177-0510CB3D2673}"
EndProject
Project("{9A19103F-16F7-4668-BE54-9A1E7A4F7556}") = "Sample.Restaurant.Domain", "sample\Sample.Restaurant.Domain\Sample.Restaurant.Domain.csproj", "{32C8622B-DF6A-4A15-B866-8ADC12173710}"
EndProject
Project("{9A19103F-16F7-4668-BE54-9A1E7A4F7556}") = "Sample.Restaurant.Infrastructure", "sample\Sample.Restaurant.Infrastructure\Sample.Restaurant.Infrastructure.csproj", "{83B7D40F-8455-446C-B7CA-EE558C2532AE}"
EndProject
Project("{9A19103F-16F7-4668-BE54-9A1E7A4F7556}") = "Sample.Restaurant.Application", "sample\Sample.Restaurant.Application\Sample.Restaurant.Application.csproj", "{D73A3EA5-C39D-4627-920B-256836E26332}"
EndProject
Project("{9A19103F-16F7-4668-BE54-9A1E7A4F7556}") = "Sample.Restaurant.Contracts", "sample\Sample.Restaurant.Contracts\Sample.Restaurant.Contracts.csproj", "{8C561EB7-3BFF-4F68-9AF1-00EC42138316}"
EndProject
Project("{9A19103F-16F7-4668-BE54-9A1E7A4F7556}") = "Sample.Restaurant.Domain.Tests.Unit", "sample-tests\Sample.Restaurant.Domain.Tests.Unit\Sample.Restaurant.Domain.Tests.Unit.csproj", "{026C2EB0-3697-45C6-AF12-C85FE5907073}"
EndProject
Project("{9A19103F-16F7-4668-BE54-9A1E7A4F7556}") = "Lewee.Shared", "src\Lewee.Shared\Lewee.Shared.csproj", "{F0760CA0-4EE6-4B8A-AD2B-C4C6AC9073FD}"
EndProject
Project("{9A19103F-16F7-4668-BE54-9A1E7A4F7556}") = "Lewee.Shared.Tests.Unit", "tests\Lewee.Shared.Tests.Unit\Lewee.Shared.Tests.Unit.csproj", "{1C2125F2-ECF1-4397-AFFD-78C2DD2DB890}"
EndProject
Project("{9A19103F-16F7-4668-BE54-9A1E7A4F7556}") = "Lewee.Infrastructure.AspNet", "src\Lewee.Infrastructure.AspNet\Lewee.Infrastructure.AspNet.csproj", "{F4BF1C42-9A44-4912-B89A-CD37EA9B50BF}"
EndProject
Project("{9A19103F-16F7-4668-BE54-9A1E7A4F7556}") = "Lewee.Infrastructure.AspNet.WebApi", "src\Lewee.Infrastructure.AspNet.WebApi\Lewee.Infrastructure.AspNet.WebApi.csproj", "{8F8633FD-1887-43F9-82F5-BDB2DAA96130}"
EndProject
Project("{9A19103F-16F7-4668-BE54-9A1E7A4F7556}") = "Lewee.Infrastructure.Data", "src\Lewee.Infrastructure.Data\Lewee.Infrastructure.Data.csproj", "{17B724E1-E933-456D-9E10-6C379FD0642E}"
EndProject
Project("{9A19103F-16F7-4668-BE54-9A1E7A4F7556}") = "Lewee.Blazor", "src\Lewee.Blazor\Lewee.Blazor.csproj", "{4507AB85-C9F4-4F1B-ADA1-C70DEC2A14A1}"
EndProject
Project("{9A19103F-16F7-4668-BE54-9A1E7A4F7556}") = "Lewee.Contracts", "src\Lewee.Contracts\Lewee.Contracts.csproj", "{11FA49CE-74B9-4EBA-B5B6-8A4DD2D4298D}"
EndProject
Project("{9A19103F-16F7-4668-BE54-9A1E7A4F7556}") = "Lewee.IntegrationTests", "src\Lewee.IntegrationTests\Lewee.IntegrationTests.csproj", "{27CE2C4C-ED90-44DA-B3E3-E798459E4B5B}"
EndProject
Project("{9A19103F-16F7-4668-BE54-9A1E7A4F7556}") = "Sample.Identity.Domain", "sample\Sample.Identity.Domain\Sample.Identity.Domain.csproj", "{FA59438E-0BC5-4C97-BA62-5A59495EEDB8}"
EndProject
Project("{9A19103F-16F7-4668-BE54-9A1E7A4F7556}") = "Sample.Identity.Infrastructure", "sample\Sample.Identity.Infrastructure\Sample.Identity.Infrastructure.csproj", "{071B3891-428E-46B5-B429-CC75935E4F2A}"
EndProject
Project("{9A19103F-16F7-4668-BE54-9A1E7A4F7556}") = "Sample.Restaurant.Tests.Integration", "sample-tests\Sample.Restaurant.Tests.Integration\Sample.Restaurant.Tests.Integration.csproj", "{8A7C0701-35D0-4B3D-AAE7-C7BA9BBA964F}"
EndProject
Project("{9A19103F-16F7-4668-BE54-9A1E7A4F7556}") = "Sample.Restaurant.Client", "sample\Sample.Restaurant.Client\Sample.Restaurant.Client.csproj", "{7FD0D0F6-8EFF-443F-9346-478FFCDFB628}"
EndProject
Project("{9A19103F-16F7-4668-BE54-9A1E7A4F7556}") = "Sample.Pizzeria.Client", "sample\Sample.Pizzeria.Client\Sample.Pizzeria.Client.csproj", "{A8A12A76-6039-49A5-B498-CE5F7B5FC761}"
EndProject
Project("{9A19103F-16F7-4668-BE54-9A1E7A4F7556}") = "Sample.Pizzeria", "sample\Sample.Pizzeria\Sample.Pizzeria.csproj", "{0DFFCBD7-546F-40CA-B982-C02806F9F78A}"
EndProject
Project("{9A19103F-16F7-4668-BE54-9A1E7A4F7556}") = "Sample.Restaurant.Server", "sample\Sample.Restaurant.Server\Sample.Restaurant.Server.csproj", "{5104972A-359B-4F70-AC74-49FCC7FDF296}"
EndProject
Project("{9A19103F-16F7-4668-BE54-9A1E7A4F7556}") = "Sample.Pizzeria.Domain", "sample\Sample.Pizzeria.Domain\Sample.Pizzeria.Domain.csproj", "{3B511F28-FDF7-41A1-A7B7-BFFCE369991A}"
EndProject
Project("{FAE04EC0-301F-11D3-BF4B-00C04F79EFBC}") = "Sample.Pizzeria.Infrastructure", "sample\Sample.Pizzeria.Infrastructure\Sample.Pizzeria.Infrastructure.csproj", "{5BD217AC-677F-47B7-A6A8-B7B1BACBCAE1}"
EndProject
Project("{FAE04EC0-301F-11D3-BF4B-00C04F79EFBC}") = "Sample.Pizzeria.Application", "sample\Sample.Pizzeria.Application\Sample.Pizzeria.Application.csproj", "{5F12392E-6917-4C26-B6D6-B4E281808713}"
EndProject
Global
	GlobalSection(SolutionConfigurationPlatforms) = preSolution
		Debug|Any CPU = Debug|Any CPU
		Release|Any CPU = Release|Any CPU
	EndGlobalSection
	GlobalSection(ProjectConfigurationPlatforms) = postSolution
		{E6548439-D04C-46BA-938A-CB96427C488A}.Debug|Any CPU.ActiveCfg = Debug|Any CPU
		{E6548439-D04C-46BA-938A-CB96427C488A}.Debug|Any CPU.Build.0 = Debug|Any CPU
		{E6548439-D04C-46BA-938A-CB96427C488A}.Release|Any CPU.ActiveCfg = Release|Any CPU
		{E6548439-D04C-46BA-938A-CB96427C488A}.Release|Any CPU.Build.0 = Release|Any CPU
		{CA68F196-F166-4A8F-A22E-3D74DD811DF5}.Debug|Any CPU.ActiveCfg = Debug|Any CPU
		{CA68F196-F166-4A8F-A22E-3D74DD811DF5}.Debug|Any CPU.Build.0 = Debug|Any CPU
		{CA68F196-F166-4A8F-A22E-3D74DD811DF5}.Release|Any CPU.ActiveCfg = Release|Any CPU
		{CA68F196-F166-4A8F-A22E-3D74DD811DF5}.Release|Any CPU.Build.0 = Release|Any CPU
		{3841F56D-1E2E-4185-B177-0510CB3D2673}.Debug|Any CPU.ActiveCfg = Debug|Any CPU
		{3841F56D-1E2E-4185-B177-0510CB3D2673}.Debug|Any CPU.Build.0 = Debug|Any CPU
		{3841F56D-1E2E-4185-B177-0510CB3D2673}.Release|Any CPU.ActiveCfg = Release|Any CPU
		{3841F56D-1E2E-4185-B177-0510CB3D2673}.Release|Any CPU.Build.0 = Release|Any CPU
		{32C8622B-DF6A-4A15-B866-8ADC12173710}.Debug|Any CPU.ActiveCfg = Debug|Any CPU
		{32C8622B-DF6A-4A15-B866-8ADC12173710}.Debug|Any CPU.Build.0 = Debug|Any CPU
		{32C8622B-DF6A-4A15-B866-8ADC12173710}.Release|Any CPU.ActiveCfg = Release|Any CPU
		{32C8622B-DF6A-4A15-B866-8ADC12173710}.Release|Any CPU.Build.0 = Release|Any CPU
		{83B7D40F-8455-446C-B7CA-EE558C2532AE}.Debug|Any CPU.ActiveCfg = Debug|Any CPU
		{83B7D40F-8455-446C-B7CA-EE558C2532AE}.Debug|Any CPU.Build.0 = Debug|Any CPU
		{83B7D40F-8455-446C-B7CA-EE558C2532AE}.Release|Any CPU.ActiveCfg = Release|Any CPU
		{83B7D40F-8455-446C-B7CA-EE558C2532AE}.Release|Any CPU.Build.0 = Release|Any CPU
		{D73A3EA5-C39D-4627-920B-256836E26332}.Debug|Any CPU.ActiveCfg = Debug|Any CPU
		{D73A3EA5-C39D-4627-920B-256836E26332}.Debug|Any CPU.Build.0 = Debug|Any CPU
		{D73A3EA5-C39D-4627-920B-256836E26332}.Release|Any CPU.ActiveCfg = Release|Any CPU
		{D73A3EA5-C39D-4627-920B-256836E26332}.Release|Any CPU.Build.0 = Release|Any CPU
		{8C561EB7-3BFF-4F68-9AF1-00EC42138316}.Debug|Any CPU.ActiveCfg = Debug|Any CPU
		{8C561EB7-3BFF-4F68-9AF1-00EC42138316}.Debug|Any CPU.Build.0 = Debug|Any CPU
		{8C561EB7-3BFF-4F68-9AF1-00EC42138316}.Release|Any CPU.ActiveCfg = Release|Any CPU
		{8C561EB7-3BFF-4F68-9AF1-00EC42138316}.Release|Any CPU.Build.0 = Release|Any CPU
		{026C2EB0-3697-45C6-AF12-C85FE5907073}.Debug|Any CPU.ActiveCfg = Debug|Any CPU
		{026C2EB0-3697-45C6-AF12-C85FE5907073}.Debug|Any CPU.Build.0 = Debug|Any CPU
		{026C2EB0-3697-45C6-AF12-C85FE5907073}.Release|Any CPU.ActiveCfg = Release|Any CPU
		{026C2EB0-3697-45C6-AF12-C85FE5907073}.Release|Any CPU.Build.0 = Release|Any CPU
		{F0760CA0-4EE6-4B8A-AD2B-C4C6AC9073FD}.Debug|Any CPU.ActiveCfg = Debug|Any CPU
		{F0760CA0-4EE6-4B8A-AD2B-C4C6AC9073FD}.Debug|Any CPU.Build.0 = Debug|Any CPU
		{F0760CA0-4EE6-4B8A-AD2B-C4C6AC9073FD}.Release|Any CPU.ActiveCfg = Release|Any CPU
		{F0760CA0-4EE6-4B8A-AD2B-C4C6AC9073FD}.Release|Any CPU.Build.0 = Release|Any CPU
		{1C2125F2-ECF1-4397-AFFD-78C2DD2DB890}.Debug|Any CPU.ActiveCfg = Debug|Any CPU
		{1C2125F2-ECF1-4397-AFFD-78C2DD2DB890}.Debug|Any CPU.Build.0 = Debug|Any CPU
		{1C2125F2-ECF1-4397-AFFD-78C2DD2DB890}.Release|Any CPU.ActiveCfg = Release|Any CPU
		{1C2125F2-ECF1-4397-AFFD-78C2DD2DB890}.Release|Any CPU.Build.0 = Release|Any CPU
		{F4BF1C42-9A44-4912-B89A-CD37EA9B50BF}.Debug|Any CPU.ActiveCfg = Debug|Any CPU
		{F4BF1C42-9A44-4912-B89A-CD37EA9B50BF}.Debug|Any CPU.Build.0 = Debug|Any CPU
		{F4BF1C42-9A44-4912-B89A-CD37EA9B50BF}.Release|Any CPU.ActiveCfg = Release|Any CPU
		{F4BF1C42-9A44-4912-B89A-CD37EA9B50BF}.Release|Any CPU.Build.0 = Release|Any CPU
		{8F8633FD-1887-43F9-82F5-BDB2DAA96130}.Debug|Any CPU.ActiveCfg = Debug|Any CPU
		{8F8633FD-1887-43F9-82F5-BDB2DAA96130}.Debug|Any CPU.Build.0 = Debug|Any CPU
		{8F8633FD-1887-43F9-82F5-BDB2DAA96130}.Release|Any CPU.ActiveCfg = Release|Any CPU
		{8F8633FD-1887-43F9-82F5-BDB2DAA96130}.Release|Any CPU.Build.0 = Release|Any CPU
		{17B724E1-E933-456D-9E10-6C379FD0642E}.Debug|Any CPU.ActiveCfg = Debug|Any CPU
		{17B724E1-E933-456D-9E10-6C379FD0642E}.Debug|Any CPU.Build.0 = Debug|Any CPU
		{17B724E1-E933-456D-9E10-6C379FD0642E}.Release|Any CPU.ActiveCfg = Release|Any CPU
		{17B724E1-E933-456D-9E10-6C379FD0642E}.Release|Any CPU.Build.0 = Release|Any CPU
		{4507AB85-C9F4-4F1B-ADA1-C70DEC2A14A1}.Debug|Any CPU.ActiveCfg = Debug|Any CPU
		{4507AB85-C9F4-4F1B-ADA1-C70DEC2A14A1}.Debug|Any CPU.Build.0 = Debug|Any CPU
		{4507AB85-C9F4-4F1B-ADA1-C70DEC2A14A1}.Release|Any CPU.ActiveCfg = Release|Any CPU
		{4507AB85-C9F4-4F1B-ADA1-C70DEC2A14A1}.Release|Any CPU.Build.0 = Release|Any CPU
		{11FA49CE-74B9-4EBA-B5B6-8A4DD2D4298D}.Debug|Any CPU.ActiveCfg = Debug|Any CPU
		{11FA49CE-74B9-4EBA-B5B6-8A4DD2D4298D}.Debug|Any CPU.Build.0 = Debug|Any CPU
		{11FA49CE-74B9-4EBA-B5B6-8A4DD2D4298D}.Release|Any CPU.ActiveCfg = Release|Any CPU
		{11FA49CE-74B9-4EBA-B5B6-8A4DD2D4298D}.Release|Any CPU.Build.0 = Release|Any CPU
		{27CE2C4C-ED90-44DA-B3E3-E798459E4B5B}.Debug|Any CPU.ActiveCfg = Debug|Any CPU
		{27CE2C4C-ED90-44DA-B3E3-E798459E4B5B}.Debug|Any CPU.Build.0 = Debug|Any CPU
		{27CE2C4C-ED90-44DA-B3E3-E798459E4B5B}.Release|Any CPU.ActiveCfg = Release|Any CPU
		{27CE2C4C-ED90-44DA-B3E3-E798459E4B5B}.Release|Any CPU.Build.0 = Release|Any CPU
		{FA59438E-0BC5-4C97-BA62-5A59495EEDB8}.Debug|Any CPU.ActiveCfg = Debug|Any CPU
		{FA59438E-0BC5-4C97-BA62-5A59495EEDB8}.Debug|Any CPU.Build.0 = Debug|Any CPU
		{FA59438E-0BC5-4C97-BA62-5A59495EEDB8}.Release|Any CPU.ActiveCfg = Release|Any CPU
		{FA59438E-0BC5-4C97-BA62-5A59495EEDB8}.Release|Any CPU.Build.0 = Release|Any CPU
		{071B3891-428E-46B5-B429-CC75935E4F2A}.Debug|Any CPU.ActiveCfg = Debug|Any CPU
		{071B3891-428E-46B5-B429-CC75935E4F2A}.Debug|Any CPU.Build.0 = Debug|Any CPU
		{071B3891-428E-46B5-B429-CC75935E4F2A}.Release|Any CPU.ActiveCfg = Release|Any CPU
		{071B3891-428E-46B5-B429-CC75935E4F2A}.Release|Any CPU.Build.0 = Release|Any CPU
		{8A7C0701-35D0-4B3D-AAE7-C7BA9BBA964F}.Debug|Any CPU.ActiveCfg = Debug|Any CPU
		{8A7C0701-35D0-4B3D-AAE7-C7BA9BBA964F}.Debug|Any CPU.Build.0 = Debug|Any CPU
		{8A7C0701-35D0-4B3D-AAE7-C7BA9BBA964F}.Release|Any CPU.ActiveCfg = Release|Any CPU
		{8A7C0701-35D0-4B3D-AAE7-C7BA9BBA964F}.Release|Any CPU.Build.0 = Release|Any CPU
		{7FD0D0F6-8EFF-443F-9346-478FFCDFB628}.Debug|Any CPU.ActiveCfg = Debug|Any CPU
		{7FD0D0F6-8EFF-443F-9346-478FFCDFB628}.Debug|Any CPU.Build.0 = Debug|Any CPU
		{7FD0D0F6-8EFF-443F-9346-478FFCDFB628}.Release|Any CPU.ActiveCfg = Release|Any CPU
		{7FD0D0F6-8EFF-443F-9346-478FFCDFB628}.Release|Any CPU.Build.0 = Release|Any CPU
		{A8A12A76-6039-49A5-B498-CE5F7B5FC761}.Debug|Any CPU.ActiveCfg = Debug|Any CPU
		{A8A12A76-6039-49A5-B498-CE5F7B5FC761}.Debug|Any CPU.Build.0 = Debug|Any CPU
		{A8A12A76-6039-49A5-B498-CE5F7B5FC761}.Release|Any CPU.ActiveCfg = Release|Any CPU
		{A8A12A76-6039-49A5-B498-CE5F7B5FC761}.Release|Any CPU.Build.0 = Release|Any CPU
		{0DFFCBD7-546F-40CA-B982-C02806F9F78A}.Debug|Any CPU.ActiveCfg = Debug|Any CPU
		{0DFFCBD7-546F-40CA-B982-C02806F9F78A}.Debug|Any CPU.Build.0 = Debug|Any CPU
		{0DFFCBD7-546F-40CA-B982-C02806F9F78A}.Release|Any CPU.ActiveCfg = Release|Any CPU
		{0DFFCBD7-546F-40CA-B982-C02806F9F78A}.Release|Any CPU.Build.0 = Release|Any CPU
		{5104972A-359B-4F70-AC74-49FCC7FDF296}.Debug|Any CPU.ActiveCfg = Debug|Any CPU
		{5104972A-359B-4F70-AC74-49FCC7FDF296}.Debug|Any CPU.Build.0 = Debug|Any CPU
		{5104972A-359B-4F70-AC74-49FCC7FDF296}.Release|Any CPU.ActiveCfg = Release|Any CPU
		{5104972A-359B-4F70-AC74-49FCC7FDF296}.Release|Any CPU.Build.0 = Release|Any CPU
		{3B511F28-FDF7-41A1-A7B7-BFFCE369991A}.Debug|Any CPU.ActiveCfg = Debug|Any CPU
		{3B511F28-FDF7-41A1-A7B7-BFFCE369991A}.Debug|Any CPU.Build.0 = Debug|Any CPU
		{3B511F28-FDF7-41A1-A7B7-BFFCE369991A}.Release|Any CPU.ActiveCfg = Release|Any CPU
		{3B511F28-FDF7-41A1-A7B7-BFFCE369991A}.Release|Any CPU.Build.0 = Release|Any CPU
		{5BD217AC-677F-47B7-A6A8-B7B1BACBCAE1}.Debug|Any CPU.ActiveCfg = Debug|Any CPU
		{5BD217AC-677F-47B7-A6A8-B7B1BACBCAE1}.Debug|Any CPU.Build.0 = Debug|Any CPU
		{5BD217AC-677F-47B7-A6A8-B7B1BACBCAE1}.Release|Any CPU.ActiveCfg = Release|Any CPU
		{5BD217AC-677F-47B7-A6A8-B7B1BACBCAE1}.Release|Any CPU.Build.0 = Release|Any CPU
		{5F12392E-6917-4C26-B6D6-B4E281808713}.Debug|Any CPU.ActiveCfg = Debug|Any CPU
		{5F12392E-6917-4C26-B6D6-B4E281808713}.Debug|Any CPU.Build.0 = Debug|Any CPU
		{5F12392E-6917-4C26-B6D6-B4E281808713}.Release|Any CPU.ActiveCfg = Release|Any CPU
		{5F12392E-6917-4C26-B6D6-B4E281808713}.Release|Any CPU.Build.0 = Release|Any CPU
	EndGlobalSection
	GlobalSection(SolutionProperties) = preSolution
		HideSolutionNode = FALSE
	EndGlobalSection
	GlobalSection(ExtensibilityGlobals) = postSolution
		SolutionGuid = {A223C33D-6D37-4C0E-8755-BA46F9759CB1}
	EndGlobalSection
EndGlobal
