
Microsoft Visual Studio Solution File, Format Version 12.00
# Visual Studio Version 17
VisualStudioVersion = 17.1.32210.238
MinimumVisualStudioVersion = 10.0.40219.1
Project("{9A19103F-16F7-4668-BE54-9A1E7A4F7556}") = "Saji.Domain", "src\Saji.Domain\Saji.Domain.csproj", "{E6548439-D04C-46BA-938A-CB96427C488A}"
EndProject
Project("{2150E333-8FDC-42A3-9474-1A3956D46DE8}") = "Solution Items", "Solution Items", "{7E790C5A-DAB6-407B-AC20-752D08869BEC}"
	ProjectSection(SolutionItems) = preProject
		.editorconfig = .editorconfig
		.gitignore = .gitignore
		README.md = README.md
	EndProjectSection
EndProject
Project("{9A19103F-16F7-4668-BE54-9A1E7A4F7556}") = "Saji.Infrastructure", "src\Saji.Infrastructure\Saji.Infrastructure.csproj", "{7C656A04-A229-4F0C-8683-0143403178BD}"
EndProject
Project("{9A19103F-16F7-4668-BE54-9A1E7A4F7556}") = "Saji.Domain.Tests.Unit", "tests\Saji.Domain.Tests.Unit\Saji.Domain.Tests.Unit.csproj", "{DBC07B8D-9CB0-40A0-B54F-0AF1325EF823}"
EndProject
Project("{9A19103F-16F7-4668-BE54-9A1E7A4F7556}") = "Saji.Application", "src\Saji.Application\Saji.Application.csproj", "{CA68F196-F166-4A8F-A22E-3D74DD811DF5}"
EndProject
Project("{9A19103F-16F7-4668-BE54-9A1E7A4F7556}") = "Sample.BlazorServer.App", "sample\Sample.BlazorServer.App\Sample.BlazorServer.App.csproj", "{59768BF8-823F-4DB6-BD62-148AD7CB934A}"
EndProject
Project("{2150E333-8FDC-42A3-9474-1A3956D46DE8}") = "Project Config", "Project Config", "{C981676A-E540-4D39-9BF4-80B3D184E1E7}"
	ProjectSection(SolutionItems) = preProject
		common.props = common.props
		publish.props = publish.props
		testing.props = testing.props
	EndProjectSection
EndProject
Project("{9A19103F-16F7-4668-BE54-9A1E7A4F7556}") = "Sample.Identity.Infrastructure", "sample\Sample.Identity.Infrastructure\Sample.Identity.Infrastructure.csproj", "{767C9C67-AB67-4626-93FF-57FCAF80222F}"
EndProject
Project("{9A19103F-16F7-4668-BE54-9A1E7A4F7556}") = "Sample.Weather.Domain", "sample\Sample.Weather.Domain\Sample.Weather.Domain.csproj", "{A2015C51-C49A-469F-BD42-E8334B476D9F}"
EndProject
Project("{9A19103F-16F7-4668-BE54-9A1E7A4F7556}") = "Sample.Weather.Application", "sample\Sample.Weather.Application\Sample.Weather.Application.csproj", "{EFB6D6BB-2B8A-4494-959C-6501C05EDCCC}"
EndProject
Project("{E53339B2-1760-4266-BCC7-CA923CBCF16C}") = "docker-compose", "docker-compose.dcproj", "{30F833D3-1DBF-4B61-A479-E293C3DE0FB7}"
EndProject
Project("{9A19103F-16F7-4668-BE54-9A1E7A4F7556}") = "Sample.Shop.Domain", "sample\Sample.Shop.Domain\Sample.Shop.Domain.csproj", "{8D976386-DF75-4261-9BE6-D8C2632EDC85}"
EndProject
Project("{9A19103F-16F7-4668-BE54-9A1E7A4F7556}") = "Sample.Shop.Infrastructure", "sample\Sample.Shop.Infrastructure\Sample.Shop.Infrastructure.csproj", "{240A756A-C942-4446-943E-5813FB769257}"
EndProject
Project("{FAE04EC0-301F-11D3-BF4B-00C04F79EFBC}") = "Sample.Membership.Domain", "sample\Sample.Membership.Domain\Sample.Membership.Domain.csproj", "{37E7DCC3-822A-4679-9A46-792B5522D154}"
EndProject
Global
	GlobalSection(SolutionConfigurationPlatforms) = preSolution
		Debug|Any CPU = Debug|Any CPU
		Release|Any CPU = Release|Any CPU
	EndGlobalSection
	GlobalSection(ProjectConfigurationPlatforms) = postSolution
		{E6548439-D04C-46BA-938A-CB96427C488A}.Debug|Any CPU.ActiveCfg = Debug|Any CPU
		{E6548439-D04C-46BA-938A-CB96427C488A}.Debug|Any CPU.Build.0 = Debug|Any CPU
		{E6548439-D04C-46BA-938A-CB96427C488A}.Release|Any CPU.ActiveCfg = Release|Any CPU
		{E6548439-D04C-46BA-938A-CB96427C488A}.Release|Any CPU.Build.0 = Release|Any CPU
		{7C656A04-A229-4F0C-8683-0143403178BD}.Debug|Any CPU.ActiveCfg = Debug|Any CPU
		{7C656A04-A229-4F0C-8683-0143403178BD}.Debug|Any CPU.Build.0 = Debug|Any CPU
		{7C656A04-A229-4F0C-8683-0143403178BD}.Release|Any CPU.ActiveCfg = Release|Any CPU
		{7C656A04-A229-4F0C-8683-0143403178BD}.Release|Any CPU.Build.0 = Release|Any CPU
		{DBC07B8D-9CB0-40A0-B54F-0AF1325EF823}.Debug|Any CPU.ActiveCfg = Debug|Any CPU
		{DBC07B8D-9CB0-40A0-B54F-0AF1325EF823}.Debug|Any CPU.Build.0 = Debug|Any CPU
		{DBC07B8D-9CB0-40A0-B54F-0AF1325EF823}.Release|Any CPU.ActiveCfg = Release|Any CPU
		{DBC07B8D-9CB0-40A0-B54F-0AF1325EF823}.Release|Any CPU.Build.0 = Release|Any CPU
		{CA68F196-F166-4A8F-A22E-3D74DD811DF5}.Debug|Any CPU.ActiveCfg = Debug|Any CPU
		{CA68F196-F166-4A8F-A22E-3D74DD811DF5}.Debug|Any CPU.Build.0 = Debug|Any CPU
		{CA68F196-F166-4A8F-A22E-3D74DD811DF5}.Release|Any CPU.ActiveCfg = Release|Any CPU
		{CA68F196-F166-4A8F-A22E-3D74DD811DF5}.Release|Any CPU.Build.0 = Release|Any CPU
		{59768BF8-823F-4DB6-BD62-148AD7CB934A}.Debug|Any CPU.ActiveCfg = Debug|Any CPU
		{59768BF8-823F-4DB6-BD62-148AD7CB934A}.Debug|Any CPU.Build.0 = Debug|Any CPU
		{59768BF8-823F-4DB6-BD62-148AD7CB934A}.Release|Any CPU.ActiveCfg = Release|Any CPU
		{59768BF8-823F-4DB6-BD62-148AD7CB934A}.Release|Any CPU.Build.0 = Release|Any CPU
		{767C9C67-AB67-4626-93FF-57FCAF80222F}.Debug|Any CPU.ActiveCfg = Debug|Any CPU
		{767C9C67-AB67-4626-93FF-57FCAF80222F}.Debug|Any CPU.Build.0 = Debug|Any CPU
		{767C9C67-AB67-4626-93FF-57FCAF80222F}.Release|Any CPU.ActiveCfg = Release|Any CPU
		{767C9C67-AB67-4626-93FF-57FCAF80222F}.Release|Any CPU.Build.0 = Release|Any CPU
		{A2015C51-C49A-469F-BD42-E8334B476D9F}.Debug|Any CPU.ActiveCfg = Debug|Any CPU
		{A2015C51-C49A-469F-BD42-E8334B476D9F}.Debug|Any CPU.Build.0 = Debug|Any CPU
		{A2015C51-C49A-469F-BD42-E8334B476D9F}.Release|Any CPU.ActiveCfg = Release|Any CPU
		{A2015C51-C49A-469F-BD42-E8334B476D9F}.Release|Any CPU.Build.0 = Release|Any CPU
		{EFB6D6BB-2B8A-4494-959C-6501C05EDCCC}.Debug|Any CPU.ActiveCfg = Debug|Any CPU
		{EFB6D6BB-2B8A-4494-959C-6501C05EDCCC}.Debug|Any CPU.Build.0 = Debug|Any CPU
		{EFB6D6BB-2B8A-4494-959C-6501C05EDCCC}.Release|Any CPU.ActiveCfg = Release|Any CPU
		{EFB6D6BB-2B8A-4494-959C-6501C05EDCCC}.Release|Any CPU.Build.0 = Release|Any CPU
		{30F833D3-1DBF-4B61-A479-E293C3DE0FB7}.Debug|Any CPU.ActiveCfg = Debug|Any CPU
		{30F833D3-1DBF-4B61-A479-E293C3DE0FB7}.Debug|Any CPU.Build.0 = Debug|Any CPU
		{30F833D3-1DBF-4B61-A479-E293C3DE0FB7}.Release|Any CPU.ActiveCfg = Release|Any CPU
		{30F833D3-1DBF-4B61-A479-E293C3DE0FB7}.Release|Any CPU.Build.0 = Release|Any CPU
		{8D976386-DF75-4261-9BE6-D8C2632EDC85}.Debug|Any CPU.ActiveCfg = Debug|Any CPU
		{8D976386-DF75-4261-9BE6-D8C2632EDC85}.Debug|Any CPU.Build.0 = Debug|Any CPU
		{8D976386-DF75-4261-9BE6-D8C2632EDC85}.Release|Any CPU.ActiveCfg = Release|Any CPU
		{8D976386-DF75-4261-9BE6-D8C2632EDC85}.Release|Any CPU.Build.0 = Release|Any CPU
		{240A756A-C942-4446-943E-5813FB769257}.Debug|Any CPU.ActiveCfg = Debug|Any CPU
		{240A756A-C942-4446-943E-5813FB769257}.Debug|Any CPU.Build.0 = Debug|Any CPU
		{240A756A-C942-4446-943E-5813FB769257}.Release|Any CPU.ActiveCfg = Release|Any CPU
		{240A756A-C942-4446-943E-5813FB769257}.Release|Any CPU.Build.0 = Release|Any CPU
		{37E7DCC3-822A-4679-9A46-792B5522D154}.Debug|Any CPU.ActiveCfg = Debug|Any CPU
		{37E7DCC3-822A-4679-9A46-792B5522D154}.Debug|Any CPU.Build.0 = Debug|Any CPU
		{37E7DCC3-822A-4679-9A46-792B5522D154}.Release|Any CPU.ActiveCfg = Release|Any CPU
		{37E7DCC3-822A-4679-9A46-792B5522D154}.Release|Any CPU.Build.0 = Release|Any CPU
	EndGlobalSection
	GlobalSection(SolutionProperties) = preSolution
		HideSolutionNode = FALSE
	EndGlobalSection
	GlobalSection(NestedProjects) = preSolution
		{C981676A-E540-4D39-9BF4-80B3D184E1E7} = {7E790C5A-DAB6-407B-AC20-752D08869BEC}
	EndGlobalSection
	GlobalSection(ExtensibilityGlobals) = postSolution
		SolutionGuid = {A223C33D-6D37-4C0E-8755-BA46F9759CB1}
	EndGlobalSection
EndGlobal
