Microsoft Visual Studio Solution File, Format Version 12.00
# Visual Studio Version 17
VisualStudioVersion = 17.5.2.0
MinimumVisualStudioVersion = 10.0.40219.1
Project("{FAE04EC0-301F-11D3-BF4B-00C04F79EFBC}") = "Pizzeria.Store.Web", "Pizzeria.Store.Web\Pizzeria.Store.Web.csproj", "{29EF7047-E3E7-0D62-371F-207EA108EBB5}"
EndProject
Global
	GlobalSection(SolutionConfigurationPlatforms) = preSolution
		Debug|Any CPU = Debug|Any CPU
		Release|Any CPU = Release|Any CPU
	EndGlobalSection
	GlobalSection(ProjectConfigurationPlatforms) = postSolution
		{29EF7047-E3E7-0D62-371F-207EA108EBB5}.Debug|Any CPU.ActiveCfg = Debug|Any CPU
		{29EF7047-E3E7-0D62-371F-207EA108EBB5}.Debug|Any CPU.Build.0 = Debug|Any CPU
		{29EF7047-E3E7-0D62-371F-207EA108EBB5}.Release|Any CPU.ActiveCfg = Release|Any CPU
		{29EF7047-E3E7-0D62-371F-207EA108EBB5}.Release|Any CPU.Build.0 = Release|Any CPU
	EndGlobalSection
	GlobalSection(SolutionProperties) = preSolution
		HideSolutionNode = FALSE
	EndGlobalSection
	GlobalSection(ExtensibilityGlobals) = postSolution
		SolutionGuid = {5C101FE2-642D-4B80-A138-7FCCD7809E27}
	EndGlobalSection
EndGlobal
